// !$*UTF8*$!
{
	archiveVersion = 1;
	classes = {
	};
	objectVersion = 77;
	objects = {

/* Begin PBXBuildFile section */
		6A7BF99057D1824692C576DC /* GameMenuViewController.swift in Sources */ = {isa = PBXBuildFile; fileRef = EA493A4AF785221C9D8F9791 /* GameMenuViewController.swift */; };
		774C1B9654F0F8939CE4D8C8 /* TicTacToeViewController.swift in Sources */ = {isa = PBXBuildFile; fileRef = DC9E88E63001C7F87E7366DA /* TicTacToeViewController.swift */; };
		89DBDAE0EC31194A6F9D60CB /* ConnectFourViewController.swift in Sources */ = {isa = PBXBuildFile; fileRef = 054B56F569557CC2A52F9131 /* ConnectFourViewController.swift */; };
		9434EF75C8C7FF0DB377B359 /* ReversiViewController.swift in Sources */ = {isa = PBXBuildFile; fileRef = 9DD10C220A0C383F6FE2AA1D /* ReversiViewController.swift */; };
		25EDDC932FFDE785BB157E13 /* Game2048ViewController.swift in Sources */ = {isa = PBXBuildFile; fileRef = 63A7E286E579063C449913DE /* Game2048ViewController.swift */; };
		805840F64FC07B9DC4957823 /* GameEngine.swift in Sources */ = {isa = PBXBuildFile; fileRef = 55E02C126D4CDB9CFBB20C23 /* GameEngine.swift */; };
		8D31C6FD03F1973497894ABE /* MinimaxEngine.swift in Sources */ = {isa = PBXBuildFile; fileRef = 851744D4CA3C724B16C95CC2 /* MinimaxEngine.swift */; };
		DB8207BF1A960A3324FEEC63 /* GameResult.swift in Sources */ = {isa = PBXBuildFile; fileRef = D7DAA1429F3C1C124C274E84 /* GameResult.swift */; };
		6076D6F0CDC91DD8993AB690 /* GameState.swift in Sources */ = {isa = PBXBuildFile; fileRef = DA6858B328A858CFDF1A1A4C /* GameState.swift */; };
		3303B4D69666DC7267C9767F /* Player.swift in Sources */ = {isa = PBXBuildFile; fileRef = 082D88A8506C21F4A4A37197 /* Player.swift */; };
		2EEA3E7D06F4D20B2F185B3D /* GameAI.swift in Sources */ = {isa = PBXBuildFile; fileRef = E4E84F358AAC22F27CAF6120 /* GameAI.swift */; };
		AEB6C2A6CEF75CC357AB6C76 /* GameBoard.swift in Sources */ = {isa = PBXBuildFile; fileRef = B2F04BB7015E065FEE0550A2 /* GameBoard.swift */; };
		21408DAFE4D3BE824B0473EA /* GameMove.swift in Sources */ = {isa = PBXBuildFile; fileRef = F91481F8BA0858C7AB995111 /* GameMove.swift */; };
		715E0C0884B4E55BC41873C0 /* GameRenderer.swift in Sources */ = {isa = PBXBuildFile; fileRef = E4026CC030A151B563A10038 /* GameRenderer.swift */; };
		2328B04754A6B4957DF647A5 /* ConnectFourAI.swift in Sources */ = {isa = PBXBuildFile; fileRef = 456727D110396CE70FC1C377 /* ConnectFourAI.swift */; };
		FC6F8E8397684A58E5E76652 /* ConnectFourBoard.swift in Sources */ = {isa = PBXBuildFile; fileRef = 8CCC5A4D42472CF5511B32D2 /* ConnectFourBoard.swift */; };
		8C27592AA21BAD920080389C /* ConnectFourMove.swift in Sources */ = {isa = PBXBuildFile; fileRef = C514FFF4590EB42E74F39750 /* ConnectFourMove.swift */; };
		DB3C67CB15E673EABCEBF019 /* ConnectFourRenderer.swift in Sources */ = {isa = PBXBuildFile; fileRef = E9EEBB790D48A3EE79AFF904 /* ConnectFourRenderer.swift */; };
		3295DA4C11BAAF55814347F6 /* Game2048Board.swift in Sources */ = {isa = PBXBuildFile; fileRef = C247F3006317508CC100CCC4 /* Game2048Board.swift */; };
		44BA12E0E5F5E4D3E389E770 /* Game2048DummyAI.swift in Sources */ = {isa = PBXBuildFile; fileRef = C90FB16140A633A0B5B8F457 /* Game2048DummyAI.swift */; };
		34DBF9931BC1C844CB6CFEAD /* Game2048Move.swift in Sources */ = {isa = PBXBuildFile; fileRef = 2E5A0348FDC061BCBEBD4BCA /* Game2048Move.swift */; };
		68A6C555B1218E83387BB8BA /* Game2048Renderer.swift in Sources */ = {isa = PBXBuildFile; fileRef = A150DE6E8D910FC0E4EDD5BD /* Game2048Renderer.swift */; };
		9E22EFDB33893747E8EFD44E /* ReversiAI.swift in Sources */ = {isa = PBXBuildFile; fileRef = A64A73B918A7A3C2549838C2 /* ReversiAI.swift */; };
		DFA16D4007E1549B7B779103 /* ReversiBoard.swift in Sources */ = {isa = PBXBuildFile; fileRef = D52075CC8C1B52584B0781CF /* ReversiBoard.swift */; };
		FE446A353A66C08C04250E02 /* ReversiMove.swift in Sources */ = {isa = PBXBuildFile; fileRef = AC7CD17CBDC8D60ED1622085 /* ReversiMove.swift */; };
		2F45720920067D28AD3C0D9E /* ReversiRenderer.swift in Sources */ = {isa = PBXBuildFile; fileRef = F66F26491E3B31BF277D6F9E /* ReversiRenderer.swift */; };
		F872272646B1A50DC0F174C4 /* TicTacToeAI.swift in Sources */ = {isa = PBXBuildFile; fileRef = 4DCFD04B3AE95E8108C672D9 /* TicTacToeAI.swift */; };
		49A00EA448224A8B065657AF /* TicTacToeBoard.swift in Sources */ = {isa = PBXBuildFile; fileRef = 50E8174C7BF7DF30BC9E3C77 /* TicTacToeBoard.swift */; };
		FA919189107BCD4D97C527DC /* TicTacToeMove.swift in Sources */ = {isa = PBXBuildFile; fileRef = D15A0A1B77DACDCA5B9EBF6F /* TicTacToeMove.swift */; };
		87D1BC32DA88DC63AFD14A89 /* TicTacToeRenderer.swift in Sources */ = {isa = PBXBuildFile; fileRef = 358894C2E1A8623DD2D77F20 /* TicTacToeRenderer.swift */; };
		01FC3337962E660C3537F6A4 /* TextStyle.swift in Sources */ = {isa = PBXBuildFile; fileRef = FAEF3E09A26FB8FF046B6ED1 /* TextStyle.swift */; };
		06667076E8082A312A131DFD /* Assets.xcassets in Resources */ = {isa = PBXBuildFile; fileRef = 16A5129E2435FFEFAE2F29A0 /* Assets.xcassets */; };
		0868727A2F5E8A53AD0EDB9E /* TextDocument.swift in Sources */ = {isa = PBXBuildFile; fileRef = 08B47CE58C352BDE7D6BCACC /* TextDocument.swift */; };
		0BF64D7D5AF646498357CF65 /* TextEditorViewModel.swift in Sources */ = {isa = PBXBuildFile; fileRef = 5F083C3A034C5CAB0F177297 /* TextEditorViewModel.swift */; };
		0E7536DB0CB3D12A0FF46926 /* CanvasEditorViewController.swift in Sources */ = {isa = PBXBuildFile; fileRef = 6D68224E8B8E4EF036CE908F /* CanvasEditorViewController.swift */; };
		0F39B7328D019824A9C38C28 /* PopupChainError.swift in Sources */ = {isa = PBXBuildFile; fileRef = 3E81D04BAD698FACA2727838 /* PopupChainError.swift */; };
		2322E2CBA892DD813EEC3E24 /* Monster5APIError.swift in Sources */ = {isa = PBXBuildFile; fileRef = 06E244B18AFC0E6543FA4958 /* Monster5APIError.swift */; };
		25ED8A5C0072769BB1DE6647 /* LaunchScreen.storyboard in Resources */ = {isa = PBXBuildFile; fileRef = BD9966915DEB510DD61BEA4A /* LaunchScreen.storyboard */; };
		268306AEC9037B77DBB181D9 /* ResizeShapeCommand.swift in Sources */ = {isa = PBXBuildFile; fileRef = BE66E62E68E399E96C9893B8 /* ResizeShapeCommand.swift */; };
		27A804BC4068C2DE4AFF31B4 /* LoginFeature.swift in Sources */ = {isa = PBXBuildFile; fileRef = 5C1FC548E31FD58D08C8EEA4 /* LoginFeature.swift */; };
		297AD48491665C34EAF82D83 /* TutorialPopupHandler.swift in Sources */ = {isa = PBXBuildFile; fileRef = C664341A001B078FCDD722B5 /* TutorialPopupHandler.swift */; };
		3434FED858D13FD397782532 /* AppFeature.swift in Sources */ = {isa = PBXBuildFile; fileRef = D53A828773A7C0BA4CE1C887 /* AppFeature.swift */; };
		3843BEF19B55EB19B935DA35 /* Car.swift in Sources */ = {isa = PBXBuildFile; fileRef = 21DBC3B68921FBF904CA6EB3 /* Car.swift */; };
		39311AC05EF0A597A72D1D29 /* ApplyStyleCommand.swift in Sources */ = {isa = PBXBuildFile; fileRef = D6F5D277103C5F92963E2579 /* ApplyStyleCommand.swift */; };
		3969ED8B45545EB5579C2D84 /* PopupStateStorage.swift in Sources */ = {isa = PBXBuildFile; fileRef = 234457225B40CDA252B59327 /* PopupStateStorage.swift */; };
		3B6327CBBF4539FEC031A8AF /* Canvas.swift in Sources */ = {isa = PBXBuildFile; fileRef = 6CE71F20B047A55AD219C19E /* Canvas.swift */; };
		3BF3AD39B95C7C3FF9F31840 /* LoginViewController.swift in Sources */ = {isa = PBXBuildFile; fileRef = 9F77B0D4BF5EAB6698215E16 /* LoginViewController.swift */; };
		400F03E23C9F47762B0E6E55 /* PostsViewController.swift in Sources */ = {isa = PBXBuildFile; fileRef = 0D48A9698D032453938562D1 /* PostsViewController.swift */; };
		41B11B6790E6AF7B8F293EAC /* StorageClient.swift in Sources */ = {isa = PBXBuildFile; fileRef = 6E22885668AE98023AC27F4F /* StorageClient.swift */; };
		4214CCF5DCA068005CF25CDA /* Monster5Coordinator.swift in Sources */ = {isa = PBXBuildFile; fileRef = 2F1217C99DC474F610D0190A /* Monster5Coordinator.swift */; };
		489DE74323B821CBF62D50F8 /* PopupPresenter.swift in Sources */ = {isa = PBXBuildFile; fileRef = E0421E60859DD533B210A2E8 /* PopupPresenter.swift */; };
		48CB68140E8DE8741897D24F /* MoveShapeCommand.swift in Sources */ = {isa = PBXBuildFile; fileRef = 82F1B93780949874D588A270 /* MoveShapeCommand.swift */; };
		49C08A2ADD0EE043816BBD03 /* AppDelegate.swift in Sources */ = {isa = PBXBuildFile; fileRef = E9715EE5C252BBE12E8950A8 /* AppDelegate.swift */; };
		4BB8D2DD5B11E2282F276532 /* PostsClient.swift in Sources */ = {isa = PBXBuildFile; fileRef = F49815A0E060146007860701 /* PostsClient.swift */; };
		4EAE35987CFE940D08BBA29E /* CanvasMemento.swift in Sources */ = {isa = PBXBuildFile; fileRef = 839EC963435A9A7BC9C61B8D /* CanvasMemento.swift */; };
		5735CA5C1EDA331E6312AA6F /* PopupType.swift in Sources */ = {isa = PBXBuildFile; fileRef = B64F64497EEEC7D15162FDFD /* PopupType.swift */; };
		578BF47039FE076289FC48B0 /* PostDetailFeature.swift in Sources */ = {isa = PBXBuildFile; fileRef = 1925A8A020DE9F738B02A829 /* PostDetailFeature.swift */; };
		57C82FDE21F1AEF338BDB5D6 /* AddShapeCommand.swift in Sources */ = {isa = PBXBuildFile; fileRef = 0E3027C8F0D8E604557DEC04 /* AddShapeCommand.swift */; };
		5C4C9E8943BEF2D518CB586C /* ComposableArchitecture in Frameworks */ = {isa = PBXBuildFile; productRef = CCCFAD1E830416DB33D521EF /* ComposableArchitecture */; };
		5CC23FC246F5F68C76A8FC1B /* PopupHandlerTests.swift in Sources */ = {isa = PBXBuildFile; fileRef = F63ED3DF45971F593165DF12 /* PopupHandlerTests.swift */; };
		6561FE22948B68EABE58B922 /* CompositeCommand.swift in Sources */ = {isa = PBXBuildFile; fileRef = 24C0BF43BD4E115E1293A1B7 /* CompositeCommand.swift */; };
		66C9D3F731D402B0E1ED845C /* OptionalComponents.swift in Sources */ = {isa = PBXBuildFile; fileRef = 9FDD9EC09EE5EBE1680083AF /* OptionalComponents.swift */; };
		6966367A085554AB8FB0FFFB /* RequiredComponents.swift in Sources */ = {isa = PBXBuildFile; fileRef = 42369B505A1DB8EA64E44ABC /* RequiredComponents.swift */; };
		6AA64A99E5E47315E509FACA /* FeatureError.swift in Sources */ = {isa = PBXBuildFile; fileRef = 45B23C794ECE66C5BB1A5A11 /* FeatureError.swift */; };
		6DB9306BCDD9BB197841AD5A /* SceneDelegate.swift in Sources */ = {isa = PBXBuildFile; fileRef = 0A467B1462CB740900D12408 /* SceneDelegate.swift */; };
		700D71381D05C7C12944B5E6 /* PostInteraction.swift in Sources */ = {isa = PBXBuildFile; fileRef = 34AEBF03021DFE50DB8A3D99 /* PostInteraction.swift */; };
		72C554779E80BE756C1DDC30 /* PopupStateStorageTests.swift in Sources */ = {isa = PBXBuildFile; fileRef = 135F801EC998567467C57249 /* PopupStateStorageTests.swift */; };
		773CEFC38E72842E77D3E861 /* PopupResult.swift in Sources */ = {isa = PBXBuildFile; fileRef = C0FA9836EFCDFCE496A94779 /* PopupResult.swift */; };
		7B1607145A5880CD82C4DBCD /* PostsFeature.swift in Sources */ = {isa = PBXBuildFile; fileRef = CFA4ED6686F6284B975848D0 /* PostsFeature.swift */; };
		7DC0B793B624D05A4A8221BA /* RemoveShapeCommand.swift in Sources */ = {isa = PBXBuildFile; fileRef = 597D449BB97E340B95F5DCAB /* RemoveShapeCommand.swift */; };
		848A5382BD04F2F72074B054 /* DeleteTextCommand.swift in Sources */ = {isa = PBXBuildFile; fileRef = FEBFA2F856BA8D4F84C5A111 /* DeleteTextCommand.swift */; };
		864A38E1267F14B081EF6B3C /* CarViewController.swift in Sources */ = {isa = PBXBuildFile; fileRef = B0DD494765FE2A68CD7D8641 /* CarViewController.swift */; };
		89209B0DD08C339A5508ACFE /* ChangeColorCommand.swift in Sources */ = {isa = PBXBuildFile; fileRef = 04E46507ABB2922A283F0BF6 /* ChangeColorCommand.swift */; };
		9684FCC41A81CF5183854138 /* UndoRedoLogger.swift in Sources */ = {isa = PBXBuildFile; fileRef = ACC7BEC2E2A32DF5B1ACDB55 /* UndoRedoLogger.swift */; };
		97B9866A0D968F1780BC789A /* CarTests.swift in Sources */ = {isa = PBXBuildFile; fileRef = 93B1829B2C2A21E23AC25645 /* CarTests.swift */; };
		994DE3A9DADBD53AFD90A259 /* InterstitialAdHandler.swift in Sources */ = {isa = PBXBuildFile; fileRef = 1A7C4F50A6B8D1966D271C70 /* InterstitialAdHandler.swift */; };
		9E1525961BC67FB655029F51 /* User.swift in Sources */ = {isa = PBXBuildFile; fileRef = 5A74CE9A5454C798558AFBD1 /* User.swift */; };
		A0C395A74FF1B6D7EB3BD9C9 /* PopupHandler.swift in Sources */ = {isa = PBXBuildFile; fileRef = B6BE804075AC5249120F80D0 /* PopupHandler.swift */; };
		AAFD97F1AA7824F8367199E5 /* TextDocumentMemento.swift in Sources */ = {isa = PBXBuildFile; fileRef = 75B0FDB69B8341C8F077B1AA /* TextDocumentMemento.swift */; };
		AB71F61B03A8A637A3B8E9C0 /* Post.swift in Sources */ = {isa = PBXBuildFile; fileRef = 3EDD51FD63BB53244CFA5FBD /* Post.swift */; };
		B0D5DD4EB1790226E909EC75 /* CommandHistory.swift in Sources */ = {isa = PBXBuildFile; fileRef = 11FF691BD28368BC2A2CD8E1 /* CommandHistory.swift */; };
		B3DB6F71BAE4212558AE5CA0 /* PopupChainManagerTests.swift in Sources */ = {isa = PBXBuildFile; fileRef = 95865B765B7D340B8B592C03 /* PopupChainManagerTests.swift */; };
		B5A6815FC757222E0539918C /* PostComment.swift in Sources */ = {isa = PBXBuildFile; fileRef = 1284BEA2EB3CE8C94D434C07 /* PostComment.swift */; };
		C34C58027661411AAB2BBAB5 /* Command.swift in Sources */ = {isa = PBXBuildFile; fileRef = 45065509D2F4EA245299FAC8 /* Command.swift */; };
		C6F8149F6B4581C2A1D644B3 /* PopupChainManager.swift in Sources */ = {isa = PBXBuildFile; fileRef = 433A073430B02E092BDC5A89 /* PopupChainManager.swift */; };
		C97104EC11142D9199F10356 /* PredictionResultHandler.swift in Sources */ = {isa = PBXBuildFile; fileRef = 9D46320E40CA20009502E01A /* PredictionResultHandler.swift */; };
		CA5FF316266CDA36904A3CB5 /* CarComponent.swift in Sources */ = {isa = PBXBuildFile; fileRef = D7992881DD29253552ED7EB3 /* CarComponent.swift */; };
		CBADCB2ADB330262B0972F77 /* NewFeaturePopupHandler.swift in Sources */ = {isa = PBXBuildFile; fileRef = 450DEE029F260C6FF88A5038 /* NewFeaturePopupHandler.swift */; };
		CF8E73120E23530F0152654F /* AuthClient.swift in Sources */ = {isa = PBXBuildFile; fileRef = 89E703D8139E58631D37FD6F /* AuthClient.swift */; };
		CFE599B2BE3EB021F5C46463 /* CoalescibleCommand.swift in Sources */ = {isa = PBXBuildFile; fileRef = B4135D37DF43CF96EDDA5C0F /* CoalescibleCommand.swift */; };
		D2AE4A2766E34FCEC509600C /* PopupUserState.swift in Sources */ = {isa = PBXBuildFile; fileRef = 13A68136064D7457F7350117 /* PopupUserState.swift */; };
		D399D9A40CEAF90AA98850EF /* CanvasEditorViewModel.swift in Sources */ = {isa = PBXBuildFile; fileRef = A7ABFB4F3169CD5180FBC2DF /* CanvasEditorViewModel.swift */; };
		DC06902BA2261F530D39B808 /* Shape.swift in Sources */ = {isa = PBXBuildFile; fileRef = 8004E42530DFFE1EDDDF24A2 /* Shape.swift */; };
		E1CF322E12813DE6DF54DC64 /* TextEditorViewController.swift in Sources */ = {isa = PBXBuildFile; fileRef = B0E3B08A635AB5F9A8958725 /* TextEditorViewController.swift */; };
		E332D3C8D4FCCEB55EF18ABE /* Main.storyboard in Resources */ = {isa = PBXBuildFile; fileRef = 44A4982E3E1E326EAF1CAD54 /* Main.storyboard */; };
		E635ABD33F4F7343042DDE35 /* ToastView.swift in Sources */ = {isa = PBXBuildFile; fileRef = 7D0149C428132600E317990A /* ToastView.swift */; };
		EB692593759574045691637E /* ReplaceTextCommand.swift in Sources */ = {isa = PBXBuildFile; fileRef = DEB4AACBD9D5E5FCD45FE7C6 /* ReplaceTextCommand.swift */; };
		F08942E13BA5BFFBE85C90ED /* DailyCheckInHandler.swift in Sources */ = {isa = PBXBuildFile; fileRef = 8F9FC2FCBA50E0C8431585C8 /* DailyCheckInHandler.swift */; };
		F0CE8865D6EB35C140E7BDA4 /* InsertTextCommand.swift in Sources */ = {isa = PBXBuildFile; fileRef = D12D165997691F4D36FF927C /* InsertTextCommand.swift */; };
		F25182AFB5BE40668A51B93E /* PostTableViewCell.swift in Sources */ = {isa = PBXBuildFile; fileRef = 4DFAD04CEAF54E5AB9ED34F1 /* PostTableViewCell.swift */; };
		F972AFFBC2196655D409FAAD /* PostDetailViewController.swift in Sources */ = {isa = PBXBuildFile; fileRef = 806DD60B588B104E12627793 /* PostDetailViewController.swift */; };
/* End PBXBuildFile section */

/* Begin PBXContainerItemProxy section */
		727BB8FC846F0034A5B6DCB2 /* PBXContainerItemProxy */ = {
			isa = PBXContainerItemProxy;
			containerPortal = BC990950590680B9671CBBAB /* Project object */;
			proxyType = 1;
			remoteGlobalIDString = E67ABC97993561C8324D5467;
			remoteInfo = CarSystem;
		};
/* End PBXContainerItemProxy section */

/* Begin PBXFileReference section */
		EA493A4AF785221C9D8F9791 /* GameMenuViewController.swift */ = {isa = PBXFileReference; lastKnownFileType = sourcecode.swift; path = GameMenuViewController.swift; sourceTree = "<group>"; };
		DC9E88E63001C7F87E7366DA /* TicTacToeViewController.swift */ = {isa = PBXFileReference; lastKnownFileType = sourcecode.swift; path = TicTacToeViewController.swift; sourceTree = "<group>"; };
		054B56F569557CC2A52F9131 /* ConnectFourViewController.swift */ = {isa = PBXFileReference; lastKnownFileType = sourcecode.swift; path = ConnectFourViewController.swift; sourceTree = "<group>"; };
		9DD10C220A0C383F6FE2AA1D /* ReversiViewController.swift */ = {isa = PBXFileReference; lastKnownFileType = sourcecode.swift; path = ReversiViewController.swift; sourceTree = "<group>"; };
		63A7E286E579063C449913DE /* Game2048ViewController.swift */ = {isa = PBXFileReference; lastKnownFileType = sourcecode.swift; path = Game2048ViewController.swift; sourceTree = "<group>"; };
		55E02C126D4CDB9CFBB20C23 /* GameEngine.swift */ = {isa = PBXFileReference; lastKnownFileType = sourcecode.swift; path = GameEngine.swift; sourceTree = "<group>"; };
		851744D4CA3C724B16C95CC2 /* MinimaxEngine.swift */ = {isa = PBXFileReference; lastKnownFileType = sourcecode.swift; path = MinimaxEngine.swift; sourceTree = "<group>"; };
		D7DAA1429F3C1C124C274E84 /* GameResult.swift */ = {isa = PBXFileReference; lastKnownFileType = sourcecode.swift; path = GameResult.swift; sourceTree = "<group>"; };
		DA6858B328A858CFDF1A1A4C /* GameState.swift */ = {isa = PBXFileReference; lastKnownFileType = sourcecode.swift; path = GameState.swift; sourceTree = "<group>"; };
		082D88A8506C21F4A4A37197 /* Player.swift */ = {isa = PBXFileReference; lastKnownFileType = sourcecode.swift; path = Player.swift; sourceTree = "<group>"; };
		E4E84F358AAC22F27CAF6120 /* GameAI.swift */ = {isa = PBXFileReference; lastKnownFileType = sourcecode.swift; path = GameAI.swift; sourceTree = "<group>"; };
		B2F04BB7015E065FEE0550A2 /* GameBoard.swift */ = {isa = PBXFileReference; lastKnownFileType = sourcecode.swift; path = GameBoard.swift; sourceTree = "<group>"; };
		F91481F8BA0858C7AB995111 /* GameMove.swift */ = {isa = PBXFileReference; lastKnownFileType = sourcecode.swift; path = GameMove.swift; sourceTree = "<group>"; };
		E4026CC030A151B563A10038 /* GameRenderer.swift */ = {isa = PBXFileReference; lastKnownFileType = sourcecode.swift; path = GameRenderer.swift; sourceTree = "<group>"; };
		456727D110396CE70FC1C377 /* ConnectFourAI.swift */ = {isa = PBXFileReference; lastKnownFileType = sourcecode.swift; path = ConnectFourAI.swift; sourceTree = "<group>"; };
		8CCC5A4D42472CF5511B32D2 /* ConnectFourBoard.swift */ = {isa = PBXFileReference; lastKnownFileType = sourcecode.swift; path = ConnectFourBoard.swift; sourceTree = "<group>"; };
		C514FFF4590EB42E74F39750 /* ConnectFourMove.swift */ = {isa = PBXFileReference; lastKnownFileType = sourcecode.swift; path = ConnectFourMove.swift; sourceTree = "<group>"; };
		E9EEBB790D48A3EE79AFF904 /* ConnectFourRenderer.swift */ = {isa = PBXFileReference; lastKnownFileType = sourcecode.swift; path = ConnectFourRenderer.swift; sourceTree = "<group>"; };
		C247F3006317508CC100CCC4 /* Game2048Board.swift */ = {isa = PBXFileReference; lastKnownFileType = sourcecode.swift; path = Game2048Board.swift; sourceTree = "<group>"; };
		C90FB16140A633A0B5B8F457 /* Game2048DummyAI.swift */ = {isa = PBXFileReference; lastKnownFileType = sourcecode.swift; path = Game2048DummyAI.swift; sourceTree = "<group>"; };
		2E5A0348FDC061BCBEBD4BCA /* Game2048Move.swift */ = {isa = PBXFileReference; lastKnownFileType = sourcecode.swift; path = Game2048Move.swift; sourceTree = "<group>"; };
		A150DE6E8D910FC0E4EDD5BD /* Game2048Renderer.swift */ = {isa = PBXFileReference; lastKnownFileType = sourcecode.swift; path = Game2048Renderer.swift; sourceTree = "<group>"; };
		A64A73B918A7A3C2549838C2 /* ReversiAI.swift */ = {isa = PBXFileReference; lastKnownFileType = sourcecode.swift; path = ReversiAI.swift; sourceTree = "<group>"; };
		D52075CC8C1B52584B0781CF /* ReversiBoard.swift */ = {isa = PBXFileReference; lastKnownFileType = sourcecode.swift; path = ReversiBoard.swift; sourceTree = "<group>"; };
		AC7CD17CBDC8D60ED1622085 /* ReversiMove.swift */ = {isa = PBXFileReference; lastKnownFileType = sourcecode.swift; path = ReversiMove.swift; sourceTree = "<group>"; };
		F66F26491E3B31BF277D6F9E /* ReversiRenderer.swift */ = {isa = PBXFileReference; lastKnownFileType = sourcecode.swift; path = ReversiRenderer.swift; sourceTree = "<group>"; };
		4DCFD04B3AE95E8108C672D9 /* TicTacToeAI.swift */ = {isa = PBXFileReference; lastKnownFileType = sourcecode.swift; path = TicTacToeAI.swift; sourceTree = "<group>"; };
		50E8174C7BF7DF30BC9E3C77 /* TicTacToeBoard.swift */ = {isa = PBXFileReference; lastKnownFileType = sourcecode.swift; path = TicTacToeBoard.swift; sourceTree = "<group>"; };
		D15A0A1B77DACDCA5B9EBF6F /* TicTacToeMove.swift */ = {isa = PBXFileReference; lastKnownFileType = sourcecode.swift; path = TicTacToeMove.swift; sourceTree = "<group>"; };
		358894C2E1A8623DD2D77F20 /* TicTacToeRenderer.swift */ = {isa = PBXFileReference; lastKnownFileType = sourcecode.swift; path = TicTacToeRenderer.swift; sourceTree = "<group>"; };
		043FD6497E7E90AF6ECF3B9A /* CarSystem.app */ = {isa = PBXFileReference; includeInIndex = 0; lastKnownFileType = wrapper.application; path = CarSystem.app; sourceTree = BUILT_PRODUCTS_DIR; };
		04E46507ABB2922A283F0BF6 /* ChangeColorCommand.swift */ = {isa = PBXFileReference; lastKnownFileType = sourcecode.swift; path = ChangeColorCommand.swift; sourceTree = "<group>"; };
		06E244B18AFC0E6543FA4958 /* Monster5APIError.swift */ = {isa = PBXFileReference; lastKnownFileType = sourcecode.swift; path = Monster5APIError.swift; sourceTree = "<group>"; };
		08B47CE58C352BDE7D6BCACC /* TextDocument.swift */ = {isa = PBXFileReference; lastKnownFileType = sourcecode.swift; path = TextDocument.swift; sourceTree = "<group>"; };
		0A467B1462CB740900D12408 /* SceneDelegate.swift */ = {isa = PBXFileReference; lastKnownFileType = sourcecode.swift; path = SceneDelegate.swift; sourceTree = "<group>"; };
		0D48A9698D032453938562D1 /* PostsViewController.swift */ = {isa = PBXFileReference; lastKnownFileType = sourcecode.swift; path = PostsViewController.swift; sourceTree = "<group>"; };
		0E3027C8F0D8E604557DEC04 /* AddShapeCommand.swift */ = {isa = PBXFileReference; lastKnownFileType = sourcecode.swift; path = AddShapeCommand.swift; sourceTree = "<group>"; };
		11FF691BD28368BC2A2CD8E1 /* CommandHistory.swift */ = {isa = PBXFileReference; lastKnownFileType = sourcecode.swift; path = CommandHistory.swift; sourceTree = "<group>"; };
		1284BEA2EB3CE8C94D434C07 /* PostComment.swift */ = {isa = PBXFileReference; lastKnownFileType = sourcecode.swift; path = PostComment.swift; sourceTree = "<group>"; };
		135F801EC998567467C57249 /* PopupStateStorageTests.swift */ = {isa = PBXFileReference; lastKnownFileType = sourcecode.swift; path = PopupStateStorageTests.swift; sourceTree = "<group>"; };
		13A68136064D7457F7350117 /* PopupUserState.swift */ = {isa = PBXFileReference; lastKnownFileType = sourcecode.swift; path = PopupUserState.swift; sourceTree = "<group>"; };
		16A5129E2435FFEFAE2F29A0 /* Assets.xcassets */ = {isa = PBXFileReference; lastKnownFileType = folder.assetcatalog; path = Assets.xcassets; sourceTree = "<group>"; };
		1925A8A020DE9F738B02A829 /* PostDetailFeature.swift */ = {isa = PBXFileReference; lastKnownFileType = sourcecode.swift; path = PostDetailFeature.swift; sourceTree = "<group>"; };
		1A7C4F50A6B8D1966D271C70 /* InterstitialAdHandler.swift */ = {isa = PBXFileReference; lastKnownFileType = sourcecode.swift; path = InterstitialAdHandler.swift; sourceTree = "<group>"; };
		21DBC3B68921FBF904CA6EB3 /* Car.swift */ = {isa = PBXFileReference; lastKnownFileType = sourcecode.swift; path = Car.swift; sourceTree = "<group>"; };
		234457225B40CDA252B59327 /* PopupStateStorage.swift */ = {isa = PBXFileReference; lastKnownFileType = sourcecode.swift; path = PopupStateStorage.swift; sourceTree = "<group>"; };
		24C0BF43BD4E115E1293A1B7 /* CompositeCommand.swift */ = {isa = PBXFileReference; lastKnownFileType = sourcecode.swift; path = CompositeCommand.swift; sourceTree = "<group>"; };
		2F1217C99DC474F610D0190A /* Monster5Coordinator.swift */ = {isa = PBXFileReference; lastKnownFileType = sourcecode.swift; path = Monster5Coordinator.swift; sourceTree = "<group>"; };
		34AEBF03021DFE50DB8A3D99 /* PostInteraction.swift */ = {isa = PBXFileReference; lastKnownFileType = sourcecode.swift; path = PostInteraction.swift; sourceTree = "<group>"; };
		3E81D04BAD698FACA2727838 /* PopupChainError.swift */ = {isa = PBXFileReference; lastKnownFileType = sourcecode.swift; path = PopupChainError.swift; sourceTree = "<group>"; };
		3EDD51FD63BB53244CFA5FBD /* Post.swift */ = {isa = PBXFileReference; lastKnownFileType = sourcecode.swift; path = Post.swift; sourceTree = "<group>"; };
		42369B505A1DB8EA64E44ABC /* RequiredComponents.swift */ = {isa = PBXFileReference; lastKnownFileType = sourcecode.swift; path = RequiredComponents.swift; sourceTree = "<group>"; };
		433A073430B02E092BDC5A89 /* PopupChainManager.swift */ = {isa = PBXFileReference; lastKnownFileType = sourcecode.swift; path = PopupChainManager.swift; sourceTree = "<group>"; };
		45065509D2F4EA245299FAC8 /* Command.swift */ = {isa = PBXFileReference; lastKnownFileType = sourcecode.swift; path = Command.swift; sourceTree = "<group>"; };
		450DEE029F260C6FF88A5038 /* NewFeaturePopupHandler.swift */ = {isa = PBXFileReference; lastKnownFileType = sourcecode.swift; path = NewFeaturePopupHandler.swift; sourceTree = "<group>"; };
		45B23C794ECE66C5BB1A5A11 /* FeatureError.swift */ = {isa = PBXFileReference; lastKnownFileType = sourcecode.swift; path = FeatureError.swift; sourceTree = "<group>"; };
		4DFAD04CEAF54E5AB9ED34F1 /* PostTableViewCell.swift */ = {isa = PBXFileReference; lastKnownFileType = sourcecode.swift; path = PostTableViewCell.swift; sourceTree = "<group>"; };
		597D449BB97E340B95F5DCAB /* RemoveShapeCommand.swift */ = {isa = PBXFileReference; lastKnownFileType = sourcecode.swift; path = RemoveShapeCommand.swift; sourceTree = "<group>"; };
		5A74CE9A5454C798558AFBD1 /* User.swift */ = {isa = PBXFileReference; lastKnownFileType = sourcecode.swift; path = User.swift; sourceTree = "<group>"; };
		5C1FC548E31FD58D08C8EEA4 /* LoginFeature.swift */ = {isa = PBXFileReference; lastKnownFileType = sourcecode.swift; path = LoginFeature.swift; sourceTree = "<group>"; };
		5F083C3A034C5CAB0F177297 /* TextEditorViewModel.swift */ = {isa = PBXFileReference; lastKnownFileType = sourcecode.swift; path = TextEditorViewModel.swift; sourceTree = "<group>"; };
		6CE71F20B047A55AD219C19E /* Canvas.swift */ = {isa = PBXFileReference; lastKnownFileType = sourcecode.swift; path = Canvas.swift; sourceTree = "<group>"; };
		6D68224E8B8E4EF036CE908F /* CanvasEditorViewController.swift */ = {isa = PBXFileReference; lastKnownFileType = sourcecode.swift; path = CanvasEditorViewController.swift; sourceTree = "<group>"; };
		6E22885668AE98023AC27F4F /* StorageClient.swift */ = {isa = PBXFileReference; lastKnownFileType = sourcecode.swift; path = StorageClient.swift; sourceTree = "<group>"; };
		75B0FDB69B8341C8F077B1AA /* TextDocumentMemento.swift */ = {isa = PBXFileReference; lastKnownFileType = sourcecode.swift; path = TextDocumentMemento.swift; sourceTree = "<group>"; };
		7D0149C428132600E317990A /* ToastView.swift */ = {isa = PBXFileReference; lastKnownFileType = sourcecode.swift; path = ToastView.swift; sourceTree = "<group>"; };
		8004E42530DFFE1EDDDF24A2 /* Shape.swift */ = {isa = PBXFileReference; lastKnownFileType = sourcecode.swift; path = Shape.swift; sourceTree = "<group>"; };
		806DD60B588B104E12627793 /* PostDetailViewController.swift */ = {isa = PBXFileReference; lastKnownFileType = sourcecode.swift; path = PostDetailViewController.swift; sourceTree = "<group>"; };
		82F1B93780949874D588A270 /* MoveShapeCommand.swift */ = {isa = PBXFileReference; lastKnownFileType = sourcecode.swift; path = MoveShapeCommand.swift; sourceTree = "<group>"; };
		839EC963435A9A7BC9C61B8D /* CanvasMemento.swift */ = {isa = PBXFileReference; lastKnownFileType = sourcecode.swift; path = CanvasMemento.swift; sourceTree = "<group>"; };
		89E703D8139E58631D37FD6F /* AuthClient.swift */ = {isa = PBXFileReference; lastKnownFileType = sourcecode.swift; path = AuthClient.swift; sourceTree = "<group>"; };
		8F9FC2FCBA50E0C8431585C8 /* DailyCheckInHandler.swift */ = {isa = PBXFileReference; lastKnownFileType = sourcecode.swift; path = DailyCheckInHandler.swift; sourceTree = "<group>"; };
		93B1829B2C2A21E23AC25645 /* CarTests.swift */ = {isa = PBXFileReference; lastKnownFileType = sourcecode.swift; path = CarTests.swift; sourceTree = "<group>"; };
		95865B765B7D340B8B592C03 /* PopupChainManagerTests.swift */ = {isa = PBXFileReference; lastKnownFileType = sourcecode.swift; path = PopupChainManagerTests.swift; sourceTree = "<group>"; };
		9D46320E40CA20009502E01A /* PredictionResultHandler.swift */ = {isa = PBXFileReference; lastKnownFileType = sourcecode.swift; path = PredictionResultHandler.swift; sourceTree = "<group>"; };
		9F77B0D4BF5EAB6698215E16 /* LoginViewController.swift */ = {isa = PBXFileReference; lastKnownFileType = sourcecode.swift; path = LoginViewController.swift; sourceTree = "<group>"; };
		9FDD9EC09EE5EBE1680083AF /* OptionalComponents.swift */ = {isa = PBXFileReference; lastKnownFileType = sourcecode.swift; path = OptionalComponents.swift; sourceTree = "<group>"; };
		A7ABFB4F3169CD5180FBC2DF /* CanvasEditorViewModel.swift */ = {isa = PBXFileReference; lastKnownFileType = sourcecode.swift; path = CanvasEditorViewModel.swift; sourceTree = "<group>"; };
		ACC7BEC2E2A32DF5B1ACDB55 /* UndoRedoLogger.swift */ = {isa = PBXFileReference; lastKnownFileType = sourcecode.swift; path = UndoRedoLogger.swift; sourceTree = "<group>"; };
		B0DD494765FE2A68CD7D8641 /* CarViewController.swift */ = {isa = PBXFileReference; lastKnownFileType = sourcecode.swift; path = CarViewController.swift; sourceTree = "<group>"; };
		B0E3B08A635AB5F9A8958725 /* TextEditorViewController.swift */ = {isa = PBXFileReference; lastKnownFileType = sourcecode.swift; path = TextEditorViewController.swift; sourceTree = "<group>"; };
		B4135D37DF43CF96EDDA5C0F /* CoalescibleCommand.swift */ = {isa = PBXFileReference; lastKnownFileType = sourcecode.swift; path = CoalescibleCommand.swift; sourceTree = "<group>"; };
		B64F64497EEEC7D15162FDFD /* PopupType.swift */ = {isa = PBXFileReference; lastKnownFileType = sourcecode.swift; path = PopupType.swift; sourceTree = "<group>"; };
		B6BE804075AC5249120F80D0 /* PopupHandler.swift */ = {isa = PBXFileReference; lastKnownFileType = sourcecode.swift; path = PopupHandler.swift; sourceTree = "<group>"; };
		BE66E62E68E399E96C9893B8 /* ResizeShapeCommand.swift */ = {isa = PBXFileReference; lastKnownFileType = sourcecode.swift; path = ResizeShapeCommand.swift; sourceTree = "<group>"; };
		C0FA9836EFCDFCE496A94779 /* PopupResult.swift */ = {isa = PBXFileReference; lastKnownFileType = sourcecode.swift; path = PopupResult.swift; sourceTree = "<group>"; };
		C664341A001B078FCDD722B5 /* TutorialPopupHandler.swift */ = {isa = PBXFileReference; lastKnownFileType = sourcecode.swift; path = TutorialPopupHandler.swift; sourceTree = "<group>"; };
		CFA4ED6686F6284B975848D0 /* PostsFeature.swift */ = {isa = PBXFileReference; lastKnownFileType = sourcecode.swift; path = PostsFeature.swift; sourceTree = "<group>"; };
		D12D165997691F4D36FF927C /* InsertTextCommand.swift */ = {isa = PBXFileReference; lastKnownFileType = sourcecode.swift; path = InsertTextCommand.swift; sourceTree = "<group>"; };
		D53A828773A7C0BA4CE1C887 /* AppFeature.swift */ = {isa = PBXFileReference; lastKnownFileType = sourcecode.swift; path = AppFeature.swift; sourceTree = "<group>"; };
		D54163910AB5A6F3D1901D91 /* Info.plist */ = {isa = PBXFileReference; lastKnownFileType = text.plist; path = Info.plist; sourceTree = "<group>"; };
		D6F5D277103C5F92963E2579 /* ApplyStyleCommand.swift */ = {isa = PBXFileReference; lastKnownFileType = sourcecode.swift; path = ApplyStyleCommand.swift; sourceTree = "<group>"; };
		D7992881DD29253552ED7EB3 /* CarComponent.swift */ = {isa = PBXFileReference; lastKnownFileType = sourcecode.swift; path = CarComponent.swift; sourceTree = "<group>"; };
		DEB4AACBD9D5E5FCD45FE7C6 /* ReplaceTextCommand.swift */ = {isa = PBXFileReference; lastKnownFileType = sourcecode.swift; path = ReplaceTextCommand.swift; sourceTree = "<group>"; };
		E0421E60859DD533B210A2E8 /* PopupPresenter.swift */ = {isa = PBXFileReference; lastKnownFileType = sourcecode.swift; path = PopupPresenter.swift; sourceTree = "<group>"; };
		E9715EE5C252BBE12E8950A8 /* AppDelegate.swift */ = {isa = PBXFileReference; lastKnownFileType = sourcecode.swift; path = AppDelegate.swift; sourceTree = "<group>"; };
		F055EA2CB9CAD1CBE9346B57 /* CarSystemTests.xctest */ = {isa = PBXFileReference; includeInIndex = 0; lastKnownFileType = wrapper.cfbundle; path = CarSystemTests.xctest; sourceTree = BUILT_PRODUCTS_DIR; };
		F2F0D5F398E7D4E3849FBEAD /* Base */ = {isa = PBXFileReference; lastKnownFileType = file.storyboard; name = Base; path = Base.lproj/Main.storyboard; sourceTree = "<group>"; };
		F49815A0E060146007860701 /* PostsClient.swift */ = {isa = PBXFileReference; lastKnownFileType = sourcecode.swift; path = PostsClient.swift; sourceTree = "<group>"; };
		F63ED3DF45971F593165DF12 /* PopupHandlerTests.swift */ = {isa = PBXFileReference; lastKnownFileType = sourcecode.swift; path = PopupHandlerTests.swift; sourceTree = "<group>"; };
		FAEF3E09A26FB8FF046B6ED1 /* TextStyle.swift */ = {isa = PBXFileReference; lastKnownFileType = sourcecode.swift; path = TextStyle.swift; sourceTree = "<group>"; };
		FE3857772BB8C728A292D97E /* Base */ = {isa = PBXFileReference; lastKnownFileType = file.storyboard; name = Base; path = Base.lproj/LaunchScreen.storyboard; sourceTree = "<group>"; };
		FEBFA2F856BA8D4F84C5A111 /* DeleteTextCommand.swift */ = {isa = PBXFileReference; lastKnownFileType = sourcecode.swift; path = DeleteTextCommand.swift; sourceTree = "<group>"; };
/* End PBXFileReference section */

/* Begin PBXFrameworksBuildPhase section */
		2815D32A96C2F97ACBF192EC /* Frameworks */ = {
			isa = PBXFrameworksBuildPhase;
			buildActionMask = 2147483647;
			files = (
				5C4C9E8943BEF2D518CB586C /* ComposableArchitecture in Frameworks */,
			);
			runOnlyForDeploymentPostprocessing = 0;
		};
/* End PBXFrameworksBuildPhase section */

/* Begin PBXGroup section */
		0015AF590D40830B2F2451D5 /* Views */ = {
			isa = PBXGroup;
			children = (
				7D0149C428132600E317990A /* ToastView.swift */,
			);
			path = Views;
			sourceTree = "<group>";
		};
		00A7838FC997E799C32DD661 /* Posts */ = {
			isa = PBXGroup;
			children = (
				CFA4ED6686F6284B975848D0 /* PostsFeature.swift */,
				0D48A9698D032453938562D1 /* PostsViewController.swift */,
				4DFAD04CEAF54E5AB9ED34F1 /* PostTableViewCell.swift */,
			);
			path = Posts;
			sourceTree = "<group>";
		};
		02CB1DE6DD15C6C97C69DA41 /* PopupChainTests */ = {
			isa = PBXGroup;
			children = (
				95865B765B7D340B8B592C03 /* PopupChainManagerTests.swift */,
				F63ED3DF45971F593165DF12 /* PopupHandlerTests.swift */,
				135F801EC998567467C57249 /* PopupStateStorageTests.swift */,
			);
			path = PopupChainTests;
			sourceTree = "<group>";
		};
		0393FF761FADD7BDA64FC514 /* Models */ = {
			isa = PBXGroup;
			children = (
				6CE71F20B047A55AD219C19E /* Canvas.swift */,
				839EC963435A9A7BC9C61B8D /* CanvasMemento.swift */,
				8004E42530DFFE1EDDDF24A2 /* Shape.swift */,
			);
			path = Models;
			sourceTree = "<group>";
		};
		099A5C6C8F3C90B06FC6F8B6 /* App */ = {
			isa = PBXGroup;
			children = (
				D53A828773A7C0BA4CE1C887 /* AppFeature.swift */,
				2F1217C99DC474F610D0190A /* Monster5Coordinator.swift */,
			);
			path = App;
			sourceTree = "<group>";
		};
		0AA9D4AFA362AD74F33D8B0B /* Commands */ = {
			isa = PBXGroup;
			children = (
				D6F5D277103C5F92963E2579 /* ApplyStyleCommand.swift */,
				FEBFA2F856BA8D4F84C5A111 /* DeleteTextCommand.swift */,
				D12D165997691F4D36FF927C /* InsertTextCommand.swift */,
				DEB4AACBD9D5E5FCD45FE7C6 /* ReplaceTextCommand.swift */,
			);
			path = Commands;
			sourceTree = "<group>";
		};
		17B22059B3677F3B9539BDF9 /* Services */ = {
			isa = PBXGroup;
			children = (
				433A073430B02E092BDC5A89 /* PopupChainManager.swift */,
				234457225B40CDA252B59327 /* PopupStateStorage.swift */,
			);
			path = Services;
			sourceTree = "<group>";
		};
		2BE338CB9C5D90475B2EFF1A /* PopupChain */ = {
			isa = PBXGroup;
			children = (
				D455B7F4A50AC43A133F9F8F /* Handlers */,
				AF85FC9062164ECC742C7151 /* Models */,
				8062F7A1C5F41B8E237658B4 /* Protocols */,
				17B22059B3677F3B9539BDF9 /* Services */,
				E7A421987B5C835A8A4870F8 /* Views */,
			);
			path = PopupChain;
			sourceTree = "<group>";
		};
		36B6B118EBE3E43C304A0272 /* Login */ = {
			isa = PBXGroup;
			children = (
				5C1FC548E31FD58D08C8EEA4 /* LoginFeature.swift */,
				9F77B0D4BF5EAB6698215E16 /* LoginViewController.swift */,
			);
			path = Login;
			sourceTree = "<group>";
		};
		39044B41A9D6E92ADC0FCA31 /* Commands */ = {
			isa = PBXGroup;
			children = (
				24C0BF43BD4E115E1293A1B7 /* CompositeCommand.swift */,
			);
			path = Commands;
			sourceTree = "<group>";
		};
		39B038ED51EA157C7658D5C2 /* Models */ = {
			isa = PBXGroup;
			children = (
				21DBC3B68921FBF904CA6EB3 /* Car.swift */,
				D7992881DD29253552ED7EB3 /* CarComponent.swift */,
				45B23C794ECE66C5BB1A5A11 /* FeatureError.swift */,
				9FDD9EC09EE5EBE1680083AF /* OptionalComponents.swift */,
				42369B505A1DB8EA64E44ABC /* RequiredComponents.swift */,
				FC2FB8E23F76558A1AE513A3 /* UndoRedo */,
			);
			path = Models;
			sourceTree = "<group>";
		};
		4ED68D7D00A4CC687EDA9833 /* Core */ = {
			isa = PBXGroup;
			children = (
				ACC7BEC2E2A32DF5B1ACDB55 /* UndoRedoLogger.swift */,
				39044B41A9D6E92ADC0FCA31 /* Commands */,
				96712CEB6E2578C7B2299C99 /* History */,
				C7627ABB49216F04D7F65815 /* Protocols */,
			);
			path = Core;
			sourceTree = "<group>";
		};
		6B0AF04F0D61CE5D9891E4C7 /* TextEditor */ = {
			isa = PBXGroup;
			children = (
				0AA9D4AFA362AD74F33D8B0B /* Commands */,
				6BA2945861A64E076D2232DB /* Models */,
				C96DBBA7CDD519757CF9C2EF /* ViewModels */,
			);
			path = TextEditor;
			sourceTree = "<group>";
		};
		6BA2945861A64E076D2232DB /* Models */ = {
			isa = PBXGroup;
			children = (
				08B47CE58C352BDE7D6BCACC /* TextDocument.swift */,
				75B0FDB69B8341C8F077B1AA /* TextDocumentMemento.swift */,
				FAEF3E09A26FB8FF046B6ED1 /* TextStyle.swift */,
			);
			path = Models;
			sourceTree = "<group>";
		};
		711D16EB0EC38A81EFB1E968 /* Models */ = {
			isa = PBXGroup;
			children = (
				06E244B18AFC0E6543FA4958 /* Monster5APIError.swift */,
				3EDD51FD63BB53244CFA5FBD /* Post.swift */,
				1284BEA2EB3CE8C94D434C07 /* PostComment.swift */,
				34AEBF03021DFE50DB8A3D99 /* PostInteraction.swift */,
				5A74CE9A5454C798558AFBD1 /* User.swift */,
			);
			path = Models;
			sourceTree = "<group>";
		};
		7AA34D83CC3FF926E6675304 /* Products */ = {
			isa = PBXGroup;
			children = (
				043FD6497E7E90AF6ECF3B9A /* CarSystem.app */,
				F055EA2CB9CAD1CBE9346B57 /* CarSystemTests.xctest */,
			);
			name = Products;
			sourceTree = "<group>";
		};
		8062F7A1C5F41B8E237658B4 /* Protocols */ = {
			isa = PBXGroup;
			children = (
				B6BE804075AC5249120F80D0 /* PopupHandler.swift */,
			);
			path = Protocols;
			sourceTree = "<group>";
		};
		8DA757FCC0A9E6D9AEA167E4 /* CarSystemTests */ = {
			isa = PBXGroup;
			children = (
				93B1829B2C2A21E23AC25645 /* CarTests.swift */,
				02CB1DE6DD15C6C97C69DA41 /* PopupChainTests */,
			);
			path = CarSystemTests;
			sourceTree = "<group>";
		};
		9242405ED038DDB379A263BF /* Features */ = {
			isa = PBXGroup;
			children = (
				36B6B118EBE3E43C304A0272 /* Login */,
				BB19E3C9351A9EB9E3770FE2 /* PostDetail */,
				00A7838FC997E799C32DD661 /* Posts */,
			);
			path = Features;
			sourceTree = "<group>";
		};
		96712CEB6E2578C7B2299C99 /* History */ = {
			isa = PBXGroup;
			children = (
				11FF691BD28368BC2A2CD8E1 /* CommandHistory.swift */,
			);
			path = History;
			sourceTree = "<group>";
		};
		9C95AACCFFEADFEB5C55E0DD /* ViewModels */ = {
			isa = PBXGroup;
			children = (
				A7ABFB4F3169CD5180FBC2DF /* CanvasEditorViewModel.swift */,
			);
			path = ViewModels;
			sourceTree = "<group>";
		};
		AA02D092F733F3FDD39DB0ED /* CarSystem */ = {
			isa = PBXGroup;
			children = (
				E9715EE5C252BBE12E8950A8 /* AppDelegate.swift */,
				16A5129E2435FFEFAE2F29A0 /* Assets.xcassets */,
				B0DD494765FE2A68CD7D8641 /* CarViewController.swift */,
				D54163910AB5A6F3D1901D91 /* Info.plist */,
				BD9966915DEB510DD61BEA4A /* LaunchScreen.storyboard */,
				44A4982E3E1E326EAF1CAD54 /* Main.storyboard */,
				0A467B1462CB740900D12408 /* SceneDelegate.swift */,
				39B038ED51EA157C7658D5C2 /* Models */,
				CB1B87AF0F217867D4174932 /* Monster5 */,
				51913F9320ABC4092494BF0F /* Monster6 */,
				2BE338CB9C5D90475B2EFF1A /* PopupChain */,
			);
			path = CarSystem;
			sourceTree = "<group>";
		};
		AF85FC9062164ECC742C7151 /* Models */ = {
			isa = PBXGroup;
			children = (
				3E81D04BAD698FACA2727838 /* PopupChainError.swift */,
				C0FA9836EFCDFCE496A94779 /* PopupResult.swift */,
				B64F64497EEEC7D15162FDFD /* PopupType.swift */,
				13A68136064D7457F7350117 /* PopupUserState.swift */,
			);
			path = Models;
			sourceTree = "<group>";
		};
		BB19E3C9351A9EB9E3770FE2 /* PostDetail */ = {
			isa = PBXGroup;
			children = (
				1925A8A020DE9F738B02A829 /* PostDetailFeature.swift */,
				806DD60B588B104E12627793 /* PostDetailViewController.swift */,
			);
			path = PostDetail;
			sourceTree = "<group>";
		};
		BB94DB1C4EF582E66C936032 /* Dependencies */ = {
			isa = PBXGroup;
			children = (
				89E703D8139E58631D37FD6F /* AuthClient.swift */,
				F49815A0E060146007860701 /* PostsClient.swift */,
				6E22885668AE98023AC27F4F /* StorageClient.swift */,
			);
			path = Dependencies;
			sourceTree = "<group>";
		};
		C7627ABB49216F04D7F65815 /* Protocols */ = {
			isa = PBXGroup;
			children = (
				B4135D37DF43CF96EDDA5C0F /* CoalescibleCommand.swift */,
				45065509D2F4EA245299FAC8 /* Command.swift */,
			);
			path = Protocols;
			sourceTree = "<group>";
		};
		C96DBBA7CDD519757CF9C2EF /* ViewModels */ = {
			isa = PBXGroup;
			children = (
				5F083C3A034C5CAB0F177297 /* TextEditorViewModel.swift */,
			);
			path = ViewModels;
			sourceTree = "<group>";
		};
		CB1B87AF0F217867D4174932 /* Monster5 */ = {
			isa = PBXGroup;
			children = (
				099A5C6C8F3C90B06FC6F8B6 /* App */,
				BB94DB1C4EF582E66C936032 /* Dependencies */,
				9242405ED038DDB379A263BF /* Features */,
				711D16EB0EC38A81EFB1E968 /* Models */,
				0015AF590D40830B2F2451D5 /* Views */,
			);
			path = Monster5;
			sourceTree = "<group>";
		};
		D455B7F4A50AC43A133F9F8F /* Handlers */ = {
			isa = PBXGroup;
			children = (
				8F9FC2FCBA50E0C8431585C8 /* DailyCheckInHandler.swift */,
				1A7C4F50A6B8D1966D271C70 /* InterstitialAdHandler.swift */,
				450DEE029F260C6FF88A5038 /* NewFeaturePopupHandler.swift */,
				9D46320E40CA20009502E01A /* PredictionResultHandler.swift */,
				C664341A001B078FCDD722B5 /* TutorialPopupHandler.swift */,
			);
			path = Handlers;
			sourceTree = "<group>";
		};
		E7A421987B5C835A8A4870F8 /* Views */ = {
			isa = PBXGroup;
			children = (
				E0421E60859DD533B210A2E8 /* PopupPresenter.swift */,
			);
			path = Views;
			sourceTree = "<group>";
		};
		EB13696F7B82B30B0FCC7740 = {
			isa = PBXGroup;
			children = (
				AA02D092F733F3FDD39DB0ED /* CarSystem */,
				8DA757FCC0A9E6D9AEA167E4 /* CarSystemTests */,
				7AA34D83CC3FF926E6675304 /* Products */,
			);
			sourceTree = "<group>";
		};
		EB5D1EFEE4AD6F5DD7025691 /* Views */ = {
			isa = PBXGroup;
			children = (
				6D68224E8B8E4EF036CE908F /* CanvasEditorViewController.swift */,
				B0E3B08A635AB5F9A8958725 /* TextEditorViewController.swift */,
			);
			path = Views;
			sourceTree = "<group>";
		};
		F7722946EEDC76D5BB9C2A9C /* CanvasEditor */ = {
			isa = PBXGroup;
			children = (
				FB6A6375F8AA612AE857C2C3 /* Commands */,
				0393FF761FADD7BDA64FC514 /* Models */,
				9C95AACCFFEADFEB5C55E0DD /* ViewModels */,
			);
			path = CanvasEditor;
			sourceTree = "<group>";
		};
		FB6A6375F8AA612AE857C2C3 /* Commands */ = {
			isa = PBXGroup;
			children = (
				0E3027C8F0D8E604557DEC04 /* AddShapeCommand.swift */,
				04E46507ABB2922A283F0BF6 /* ChangeColorCommand.swift */,
				82F1B93780949874D588A270 /* MoveShapeCommand.swift */,
				597D449BB97E340B95F5DCAB /* RemoveShapeCommand.swift */,
				BE66E62E68E399E96C9893B8 /* ResizeShapeCommand.swift */,
			);
			path = Commands;
			sourceTree = "<group>";
		};
		FC2FB8E23F76558A1AE513A3 /* UndoRedo */ = {
			isa = PBXGroup;
			children = (
				F7722946EEDC76D5BB9C2A9C /* CanvasEditor */,
				4ED68D7D00A4CC687EDA9833 /* Core */,
				6B0AF04F0D61CE5D9891E4C7 /* TextEditor */,
				EB5D1EFEE4AD6F5DD7025691 /* Views */,
			);
			path = UndoRedo;
			sourceTree = "<group>";
		};
		CB671B3C029B7FEF454532B2 /* Views */ = {
			isa = PBXGroup;
			children = (
				EA493A4AF785221C9D8F9791 /* GameMenuViewController.swift */,
				DC9E88E63001C7F87E7366DA /* TicTacToeViewController.swift */,
				054B56F569557CC2A52F9131 /* ConnectFourViewController.swift */,
				9DD10C220A0C383F6FE2AA1D /* ReversiViewController.swift */,
				63A7E286E579063C449913DE /* Game2048ViewController.swift */,
			);
			path = Views;
			sourceTree = "<group>";
		};
		D49F693ACDE04A0A6BBA5D88 /* Engine */ = {
			isa = PBXGroup;
			children = (
				55E02C126D4CDB9CFBB20C23 /* GameEngine.swift */,
				851744D4CA3C724B16C95CC2 /* MinimaxEngine.swift */,
			);
			path = Engine;
			sourceTree = "<group>";
		};
		932D13CB154BDD1159991C87 /* Models */ = {
			isa = PBXGroup;
			children = (
				D7DAA1429F3C1C124C274E84 /* GameResult.swift */,
				DA6858B328A858CFDF1A1A4C /* GameState.swift */,
				082D88A8506C21F4A4A37197 /* Player.swift */,
			);
			path = Models;
			sourceTree = "<group>";
		};
		6D8375214ADDC06A26AE1D0F /* Protocols */ = {
			isa = PBXGroup;
			children = (
				E4E84F358AAC22F27CAF6120 /* GameAI.swift */,
				B2F04BB7015E065FEE0550A2 /* GameBoard.swift */,
				F91481F8BA0858C7AB995111 /* GameMove.swift */,
				E4026CC030A151B563A10038 /* GameRenderer.swift */,
			);
			path = Protocols;
			sourceTree = "<group>";
		};
		A31720BA6ABDB84FCD383910 /* ConnectFour */ = {
			isa = PBXGroup;
			children = (
				456727D110396CE70FC1C377 /* ConnectFourAI.swift */,
				8CCC5A4D42472CF5511B32D2 /* ConnectFourBoard.swift */,
				C514FFF4590EB42E74F39750 /* ConnectFourMove.swift */,
				E9EEBB790D48A3EE79AFF904 /* ConnectFourRenderer.swift */,
			);
			path = ConnectFour;
			sourceTree = "<group>";
		};
		057DA6CBD4A0541B2E889E86 /* Game2048 */ = {
			isa = PBXGroup;
			children = (
				C247F3006317508CC100CCC4 /* Game2048Board.swift */,
				C90FB16140A633A0B5B8F457 /* Game2048DummyAI.swift */,
				2E5A0348FDC061BCBEBD4BCA /* Game2048Move.swift */,
				A150DE6E8D910FC0E4EDD5BD /* Game2048Renderer.swift */,
			);
			path = Game2048;
			sourceTree = "<group>";
		};
		BA1ACFC4A21F0D7647149EBA /* Reversi */ = {
			isa = PBXGroup;
			children = (
				A64A73B918A7A3C2549838C2 /* ReversiAI.swift */,
				D52075CC8C1B52584B0781CF /* ReversiBoard.swift */,
				AC7CD17CBDC8D60ED1622085 /* ReversiMove.swift */,
				F66F26491E3B31BF277D6F9E /* ReversiRenderer.swift */,
			);
			path = Reversi;
			sourceTree = "<group>";
		};
		EA75D9EFEF780A88FD39267A /* TicTacToe */ = {
			isa = PBXGroup;
			children = (
				4DCFD04B3AE95E8108C672D9 /* TicTacToeAI.swift */,
				50E8174C7BF7DF30BC9E3C77 /* TicTacToeBoard.swift */,
				D15A0A1B77DACDCA5B9EBF6F /* TicTacToeMove.swift */,
				358894C2E1A8623DD2D77F20 /* TicTacToeRenderer.swift */,
			);
			path = TicTacToe;
			sourceTree = "<group>";
		};
		946BDD669DF523753F920494 /* Shared */ = {
			isa = PBXGroup;
			children = (
				D49F693ACDE04A0A6BBA5D88 /* Engine */,
				932D13CB154BDD1159991C87 /* Models */,
				6D8375214ADDC06A26AE1D0F /* Protocols */,
			);
			path = Shared;
			sourceTree = "<group>";
		};
		51913F9320ABC4092494BF0F /* Monster6 */ = {
			isa = PBXGroup;
			children = (
				CB671B3C029B7FEF454532B2 /* Views */,
				946BDD669DF523753F920494 /* Shared */,
				A31720BA6ABDB84FCD383910 /* ConnectFour */,
				057DA6CBD4A0541B2E889E86 /* Game2048 */,
				BA1ACFC4A21F0D7647149EBA /* Reversi */,
				EA75D9EFEF780A88FD39267A /* TicTacToe */,
			);
			path = Monster6;
			sourceTree = "<group>";
		};
/* End PBXGroup section */

/* Begin PBXNativeTarget section */
		DB759D3D128C84A98CE5CBCC /* CarSystemTests */ = {
			isa = PBXNativeTarget;
			buildConfigurationList = 5C2CB799729E0B0992F4F86A /* Build configuration list for PBXNativeTarget "CarSystemTests" */;
			buildPhases = (
				5FBA33C03D3D750C11E43A5A /* Sources */,
			);
			buildRules = (
			);
			dependencies = (
				8F225561C6CE30774D949E66 /* PBXTargetDependency */,
			);
			name = CarSystemTests;
			packageProductDependencies = (
			);
			productName = CarSystemTests;
			productReference = F055EA2CB9CAD1CBE9346B57 /* CarSystemTests.xctest */;
			productType = "com.apple.product-type.bundle.unit-test";
		};
		E67ABC97993561C8324D5467 /* CarSystem */ = {
			isa = PBXNativeTarget;
			buildConfigurationList = B8EBAB5E00C17A4C1A0DC653 /* Build configuration list for PBXNativeTarget "CarSystem" */;
			buildPhases = (
				3E65FDF2DB20ABCFDD4E13D0 /* Sources */,
				3823EB277D18F91188576363 /* Resources */,
				2815D32A96C2F97ACBF192EC /* Frameworks */,
			);
			buildRules = (
			);
			dependencies = (
			);
			name = CarSystem;
			packageProductDependencies = (
				CCCFAD1E830416DB33D521EF /* ComposableArchitecture */,
			);
			productName = CarSystem;
			productReference = 043FD6497E7E90AF6ECF3B9A /* CarSystem.app */;
			productType = "com.apple.product-type.application";
		};
/* End PBXNativeTarget section */

/* Begin PBXProject section */
		BC990950590680B9671CBBAB /* Project object */ = {
			isa = PBXProject;
			attributes = {
				BuildIndependentTargetsInParallel = YES;
				LastUpgradeCheck = 1500;
				TargetAttributes = {
					E67ABC97993561C8324D5467 = {
						DevelopmentTeam = "";
						ProvisioningStyle = Automatic;
					};
				};
			};
			buildConfigurationList = 8F05987B74EC64DD69153D1C /* Build configuration list for PBXProject "CarSystem" */;
			compatibilityVersion = "Xcode 14.0";
			developmentRegion = en;
			hasScannedForEncodings = 0;
			knownRegions = (
				Base,
				en,
			);
			mainGroup = EB13696F7B82B30B0FCC7740;
			minimizedProjectReferenceProxies = 1;
			packageReferences = (
				68F26CF0CE19AF79BF696DA7 /* XCRemoteSwiftPackageReference "swift-composable-architecture" */,
			);
			preferredProjectObjectVersion = 77;
			projectDirPath = "";
			projectRoot = "";
			targets = (
				E67ABC97993561C8324D5467 /* CarSystem */,
				DB759D3D128C84A98CE5CBCC /* CarSystemTests */,
			);
		};
/* End PBXProject section */

/* Begin PBXResourcesBuildPhase section */
		3823EB277D18F91188576363 /* Resources */ = {
			isa = PBXResourcesBuildPhase;
			buildActionMask = 2147483647;
			files = (
				06667076E8082A312A131DFD /* Assets.xcassets in Resources */,
				25ED8A5C0072769BB1DE6647 /* LaunchScreen.storyboard in Resources */,
				E332D3C8D4FCCEB55EF18ABE /* Main.storyboard in Resources */,
			);
			runOnlyForDeploymentPostprocessing = 0;
		};
/* End PBXResourcesBuildPhase section */

/* Begin PBXSourcesBuildPhase section */
		3E65FDF2DB20ABCFDD4E13D0 /* Sources */ = {
			isa = PBXSourcesBuildPhase;
			buildActionMask = 2147483647;
			files = (
				57C82FDE21F1AEF338BDB5D6 /* AddShapeCommand.swift in Sources */,
				49C08A2ADD0EE043816BBD03 /* AppDelegate.swift in Sources */,
				3434FED858D13FD397782532 /* AppFeature.swift in Sources */,
				39311AC05EF0A597A72D1D29 /* ApplyStyleCommand.swift in Sources */,
				CF8E73120E23530F0152654F /* AuthClient.swift in Sources */,
				3B6327CBBF4539FEC031A8AF /* Canvas.swift in Sources */,
				0E7536DB0CB3D12A0FF46926 /* CanvasEditorViewController.swift in Sources */,
				D399D9A40CEAF90AA98850EF /* CanvasEditorViewModel.swift in Sources */,
				4EAE35987CFE940D08BBA29E /* CanvasMemento.swift in Sources */,
				3843BEF19B55EB19B935DA35 /* Car.swift in Sources */,
				CA5FF316266CDA36904A3CB5 /* CarComponent.swift in Sources */,
				864A38E1267F14B081EF6B3C /* CarViewController.swift in Sources */,
				89209B0DD08C339A5508ACFE /* ChangeColorCommand.swift in Sources */,
				CFE599B2BE3EB021F5C46463 /* CoalescibleCommand.swift in Sources */,
				C34C58027661411AAB2BBAB5 /* Command.swift in Sources */,
				B0D5DD4EB1790226E909EC75 /* CommandHistory.swift in Sources */,
				6561FE22948B68EABE58B922 /* CompositeCommand.swift in Sources */,
				F08942E13BA5BFFBE85C90ED /* DailyCheckInHandler.swift in Sources */,
				848A5382BD04F2F72074B054 /* DeleteTextCommand.swift in Sources */,
				6AA64A99E5E47315E509FACA /* FeatureError.swift in Sources */,
				F0CE8865D6EB35C140E7BDA4 /* InsertTextCommand.swift in Sources */,
				994DE3A9DADBD53AFD90A259 /* InterstitialAdHandler.swift in Sources */,
				27A804BC4068C2DE4AFF31B4 /* LoginFeature.swift in Sources */,
				3BF3AD39B95C7C3FF9F31840 /* LoginViewController.swift in Sources */,
				2322E2CBA892DD813EEC3E24 /* Monster5APIError.swift in Sources */,
				4214CCF5DCA068005CF25CDA /* Monster5Coordinator.swift in Sources */,
				48CB68140E8DE8741897D24F /* MoveShapeCommand.swift in Sources */,
				CBADCB2ADB330262B0972F77 /* NewFeaturePopupHandler.swift in Sources */,
				66C9D3F731D402B0E1ED845C /* OptionalComponents.swift in Sources */,
				0F39B7328D019824A9C38C28 /* PopupChainError.swift in Sources */,
				C6F8149F6B4581C2A1D644B3 /* PopupChainManager.swift in Sources */,
				A0C395A74FF1B6D7EB3BD9C9 /* PopupHandler.swift in Sources */,
				489DE74323B821CBF62D50F8 /* PopupPresenter.swift in Sources */,
				773CEFC38E72842E77D3E861 /* PopupResult.swift in Sources */,
				3969ED8B45545EB5579C2D84 /* PopupStateStorage.swift in Sources */,
				5735CA5C1EDA331E6312AA6F /* PopupType.swift in Sources */,
				D2AE4A2766E34FCEC509600C /* PopupUserState.swift in Sources */,
				AB71F61B03A8A637A3B8E9C0 /* Post.swift in Sources */,
				B5A6815FC757222E0539918C /* PostComment.swift in Sources */,
				578BF47039FE076289FC48B0 /* PostDetailFeature.swift in Sources */,
				F972AFFBC2196655D409FAAD /* PostDetailViewController.swift in Sources */,
				700D71381D05C7C12944B5E6 /* PostInteraction.swift in Sources */,
				F25182AFB5BE40668A51B93E /* PostTableViewCell.swift in Sources */,
				4BB8D2DD5B11E2282F276532 /* PostsClient.swift in Sources */,
				7B1607145A5880CD82C4DBCD /* PostsFeature.swift in Sources */,
				400F03E23C9F47762B0E6E55 /* PostsViewController.swift in Sources */,
				C97104EC11142D9199F10356 /* PredictionResultHandler.swift in Sources */,
				7DC0B793B624D05A4A8221BA /* RemoveShapeCommand.swift in Sources */,
				EB692593759574045691637E /* ReplaceTextCommand.swift in Sources */,
				6966367A085554AB8FB0FFFB /* RequiredComponents.swift in Sources */,
				268306AEC9037B77DBB181D9 /* ResizeShapeCommand.swift in Sources */,
				6DB9306BCDD9BB197841AD5A /* SceneDelegate.swift in Sources */,
				DC06902BA2261F530D39B808 /* Shape.swift in Sources */,
				41B11B6790E6AF7B8F293EAC /* StorageClient.swift in Sources */,
				0868727A2F5E8A53AD0EDB9E /* TextDocument.swift in Sources */,
				AAFD97F1AA7824F8367199E5 /* TextDocumentMemento.swift in Sources */,
				E1CF322E12813DE6DF54DC64 /* TextEditorViewController.swift in Sources */,
				0BF64D7D5AF646498357CF65 /* TextEditorViewModel.swift in Sources */,
				01FC3337962E660C3537F6A4 /* TextStyle.swift in Sources */,
				E635ABD33F4F7343042DDE35 /* ToastView.swift in Sources */,
				297AD48491665C34EAF82D83 /* TutorialPopupHandler.swift in Sources */,
				9684FCC41A81CF5183854138 /* UndoRedoLogger.swift in Sources */,
				9E1525961BC67FB655029F51 /* User.swift in Sources */,
				6A7BF99057D1824692C576DC /* GameMenuViewController.swift in Sources */,
				774C1B9654F0F8939CE4D8C8 /* TicTacToeViewController.swift in Sources */,
				89DBDAE0EC31194A6F9D60CB /* ConnectFourViewController.swift in Sources */,
				9434EF75C8C7FF0DB377B359 /* ReversiViewController.swift in Sources */,
				25EDDC932FFDE785BB157E13 /* Game2048ViewController.swift in Sources */,
				805840F64FC07B9DC4957823 /* GameEngine.swift in Sources */,
				8D31C6FD03F1973497894ABE /* MinimaxEngine.swift in Sources */,
				DB8207BF1A960A3324FEEC63 /* GameResult.swift in Sources */,
				6076D6F0CDC91DD8993AB690 /* GameState.swift in Sources */,
				3303B4D69666DC7267C9767F /* Player.swift in Sources */,
				2EEA3E7D06F4D20B2F185B3D /* GameAI.swift in Sources */,
				AEB6C2A6CEF75CC357AB6C76 /* GameBoard.swift in Sources */,
				21408DAFE4D3BE824B0473EA /* GameMove.swift in Sources */,
				715E0C0884B4E55BC41873C0 /* GameRenderer.swift in Sources */,
				2328B04754A6B4957DF647A5 /* ConnectFourAI.swift in Sources */,
				FC6F8E8397684A58E5E76652 /* ConnectFourBoard.swift in Sources */,
				8C27592AA21BAD920080389C /* ConnectFourMove.swift in Sources */,
				DB3C67CB15E673EABCEBF019 /* ConnectFourRenderer.swift in Sources */,
				3295DA4C11BAAF55814347F6 /* Game2048Board.swift in Sources */,
				44BA12E0E5F5E4D3E389E770 /* Game2048DummyAI.swift in Sources */,
				34DBF9931BC1C844CB6CFEAD /* Game2048Move.swift in Sources */,
				68A6C555B1218E83387BB8BA /* Game2048Renderer.swift in Sources */,
				9E22EFDB33893747E8EFD44E /* ReversiAI.swift in Sources */,
				DFA16D4007E1549B7B779103 /* ReversiBoard.swift in Sources */,
				FE446A353A66C08C04250E02 /* ReversiMove.swift in Sources */,
				2F45720920067D28AD3C0D9E /* ReversiRenderer.swift in Sources */,
				F872272646B1A50DC0F174C4 /* TicTacToeAI.swift in Sources */,
				49A00EA448224A8B065657AF /* TicTacToeBoard.swift in Sources */,
				FA919189107BCD4D97C527DC /* TicTacToeMove.swift in Sources */,
				87D1BC32DA88DC63AFD14A89 /* TicTacToeRenderer.swift in Sources */,
			);
			runOnlyForDeploymentPostprocessing = 0;
		};
		5FBA33C03D3D750C11E43A5A /* Sources */ = {
			isa = PBXSourcesBuildPhase;
			buildActionMask = 2147483647;
			files = (
				97B9866A0D968F1780BC789A /* CarTests.swift in Sources */,
				B3DB6F71BAE4212558AE5CA0 /* PopupChainManagerTests.swift in Sources */,
				5CC23FC246F5F68C76A8FC1B /* PopupHandlerTests.swift in Sources */,
				72C554779E80BE756C1DDC30 /* PopupStateStorageTests.swift in Sources */,
			);
			runOnlyForDeploymentPostprocessing = 0;
		};
/* End PBXSourcesBuildPhase section */

/* Begin PBXTargetDependency section */
		8F225561C6CE30774D949E66 /* PBXTargetDependency */ = {
			isa = PBXTargetDependency;
			target = E67ABC97993561C8324D5467 /* CarSystem */;
			targetProxy = 727BB8FC846F0034A5B6DCB2 /* PBXContainerItemProxy */;
		};
/* End PBXTargetDependency section */

/* Begin PBXVariantGroup section */
		44A4982E3E1E326EAF1CAD54 /* Main.storyboard */ = {
			isa = PBXVariantGroup;
			children = (
				F2F0D5F398E7D4E3849FBEAD /* Base */,
			);
			name = Main.storyboard;
			sourceTree = "<group>";
		};
		BD9966915DEB510DD61BEA4A /* LaunchScreen.storyboard */ = {
			isa = PBXVariantGroup;
			children = (
				FE3857772BB8C728A292D97E /* Base */,
			);
			name = LaunchScreen.storyboard;
			sourceTree = "<group>";
		};
/* End PBXVariantGroup section */

/* Begin XCBuildConfiguration section */
		411BF8C1690C75887858171B /* Release */ = {
			isa = XCBuildConfiguration;
			buildSettings = {
				BUNDLE_LOADER = "$(TEST_HOST)";
				GENERATE_INFOPLIST_FILE = YES;
				LD_RUNPATH_SEARCH_PATHS = (
					"$(inherited)",
					"@executable_path/Frameworks",
					"@loader_path/Frameworks",
				);
				PRODUCT_BUNDLE_IDENTIFIER = com.cosima.CarSystemTests;
				SDKROOT = iphoneos;
				SWIFT_VERSION = 5.0;
				TARGETED_DEVICE_FAMILY = "1,2";
				TEST_HOST = "$(BUILT_PRODUCTS_DIR)/CarSystem.app/CarSystem";
			};
			name = Release;
		};
		4A5062A682F5984434ED8C75 /* Debug */ = {
			isa = XCBuildConfiguration;
			buildSettings = {
				ALWAYS_SEARCH_USER_PATHS = NO;
				CLANG_ANALYZER_NONNULL = YES;
				CLANG_ANALYZER_NUMBER_OBJECT_CONVERSION = YES_AGGRESSIVE;
				CLANG_CXX_LANGUAGE_STANDARD = "gnu++14";
				CLANG_CXX_LIBRARY = "libc++";
				CLANG_ENABLE_MODULES = YES;
				CLANG_ENABLE_OBJC_ARC = YES;
				CLANG_ENABLE_OBJC_WEAK = YES;
				CLANG_WARN_BLOCK_CAPTURE_AUTORELEASING = YES;
				CLANG_WARN_BOOL_CONVERSION = YES;
				CLANG_WARN_COMMA = YES;
				CLANG_WARN_CONSTANT_CONVERSION = YES;
				CLANG_WARN_DEPRECATED_OBJC_IMPLEMENTATIONS = YES;
				CLANG_WARN_DIRECT_OBJC_ISA_USAGE = YES_ERROR;
				CLANG_WARN_DOCUMENTATION_COMMENTS = YES;
				CLANG_WARN_EMPTY_BODY = YES;
				CLANG_WARN_ENUM_CONVERSION = YES;
				CLANG_WARN_INFINITE_RECURSION = YES;
				CLANG_WARN_INT_CONVERSION = YES;
				CLANG_WARN_NON_LITERAL_NULL_CONVERSION = YES;
				CLANG_WARN_OBJC_IMPLICIT_RETAIN_SELF = YES;
				CLANG_WARN_OBJC_LITERAL_CONVERSION = YES;
				CLANG_WARN_OBJC_ROOT_CLASS = YES_ERROR;
				CLANG_WARN_QUOTED_INCLUDE_IN_FRAMEWORK_HEADER = YES;
				CLANG_WARN_RANGE_LOOP_ANALYSIS = YES;
				CLANG_WARN_STRICT_PROTOTYPES = YES;
				CLANG_WARN_SUSPICIOUS_MOVE = YES;
				CLANG_WARN_UNGUARDED_AVAILABILITY = YES_AGGRESSIVE;
				CLANG_WARN_UNREACHABLE_CODE = YES;
				CLANG_WARN__DUPLICATE_METHOD_MATCH = YES;
				COPY_PHASE_STRIP = NO;
				DEBUG_INFORMATION_FORMAT = dwarf;
				ENABLE_STRICT_OBJC_MSGSEND = YES;
				ENABLE_TESTABILITY = YES;
				GCC_C_LANGUAGE_STANDARD = gnu11;
				GCC_DYNAMIC_NO_PIC = NO;
				GCC_NO_COMMON_BLOCKS = YES;
				GCC_OPTIMIZATION_LEVEL = 0;
				GCC_PREPROCESSOR_DEFINITIONS = (
					"$(inherited)",
					"DEBUG=1",
				);
				GCC_WARN_64_TO_32_BIT_CONVERSION = YES;
				GCC_WARN_ABOUT_RETURN_TYPE = YES_ERROR;
				GCC_WARN_UNDECLARED_SELECTOR = YES;
				GCC_WARN_UNINITIALIZED_AUTOS = YES_AGGRESSIVE;
				GCC_WARN_UNUSED_FUNCTION = YES;
				GCC_WARN_UNUSED_VARIABLE = YES;
				IPHONEOS_DEPLOYMENT_TARGET = 16.0;
				MTL_ENABLE_DEBUG_INFO = INCLUDE_SOURCE;
				MTL_FAST_MATH = YES;
				ONLY_ACTIVE_ARCH = YES;
				PRODUCT_NAME = "$(TARGET_NAME)";
				SDKROOT = iphoneos;
				SWIFT_ACTIVE_COMPILATION_CONDITIONS = DEBUG;
				SWIFT_OPTIMIZATION_LEVEL = "-Onone";
				SWIFT_VERSION = 5.0;
			};
			name = Debug;
		};
		627C100FFA7908B14253C9DF /* Debug */ = {
			isa = XCBuildConfiguration;
			buildSettings = {
				ASSETCATALOG_COMPILER_APPICON_NAME = AppIcon;
				ASSETCATALOG_COMPILER_GLOBAL_ACCENT_COLOR_NAME = AccentColor;
				CODE_SIGN_IDENTITY = "iPhone Developer";
				CODE_SIGN_STYLE = Automatic;
				CURRENT_PROJECT_VERSION = 1;
				DEVELOPMENT_TEAM = "";
				GENERATE_INFOPLIST_FILE = NO;
				INFOPLIST_FILE = CarSystem/Info.plist;
				LD_RUNPATH_SEARCH_PATHS = (
					"$(inherited)",
					"@executable_path/Frameworks",
				);
				MARKETING_VERSION = 1.0;
				PRODUCT_BUNDLE_IDENTIFIER = com.cosima.CarSystem;
				SDKROOT = iphoneos;
				SWIFT_VERSION = 5.0;
				TARGETED_DEVICE_FAMILY = "1,2";
			};
			name = Debug;
		};
		6D7E8E545D41F26774CA9250 /* Debug */ = {
			isa = XCBuildConfiguration;
			buildSettings = {
				BUNDLE_LOADER = "$(TEST_HOST)";
				GENERATE_INFOPLIST_FILE = YES;
				LD_RUNPATH_SEARCH_PATHS = (
					"$(inherited)",
					"@executable_path/Frameworks",
					"@loader_path/Frameworks",
				);
				PRODUCT_BUNDLE_IDENTIFIER = com.cosima.CarSystemTests;
				SDKROOT = iphoneos;
				SWIFT_VERSION = 5.0;
				TARGETED_DEVICE_FAMILY = "1,2";
				TEST_HOST = "$(BUILT_PRODUCTS_DIR)/CarSystem.app/CarSystem";
			};
			name = Debug;
		};
		7D8DDAD08E6AAE2D2F10DE4E /* Release */ = {
			isa = XCBuildConfiguration;
			buildSettings = {
				ALWAYS_SEARCH_USER_PATHS = NO;
				CLANG_ANALYZER_NONNULL = YES;
				CLANG_ANALYZER_NUMBER_OBJECT_CONVERSION = YES_AGGRESSIVE;
				CLANG_CXX_LANGUAGE_STANDARD = "gnu++14";
				CLANG_CXX_LIBRARY = "libc++";
				CLANG_ENABLE_MODULES = YES;
				CLANG_ENABLE_OBJC_ARC = YES;
				CLANG_ENABLE_OBJC_WEAK = YES;
				CLANG_WARN_BLOCK_CAPTURE_AUTORELEASING = YES;
				CLANG_WARN_BOOL_CONVERSION = YES;
				CLANG_WARN_COMMA = YES;
				CLANG_WARN_CONSTANT_CONVERSION = YES;
				CLANG_WARN_DEPRECATED_OBJC_IMPLEMENTATIONS = YES;
				CLANG_WARN_DIRECT_OBJC_ISA_USAGE = YES_ERROR;
				CLANG_WARN_DOCUMENTATION_COMMENTS = YES;
				CLANG_WARN_EMPTY_BODY = YES;
				CLANG_WARN_ENUM_CONVERSION = YES;
				CLANG_WARN_INFINITE_RECURSION = YES;
				CLANG_WARN_INT_CONVERSION = YES;
				CLANG_WARN_NON_LITERAL_NULL_CONVERSION = YES;
				CLANG_WARN_OBJC_IMPLICIT_RETAIN_SELF = YES;
				CLANG_WARN_OBJC_LITERAL_CONVERSION = YES;
				CLANG_WARN_OBJC_ROOT_CLASS = YES_ERROR;
				CLANG_WARN_QUOTED_INCLUDE_IN_FRAMEWORK_HEADER = YES;
				CLANG_WARN_RANGE_LOOP_ANALYSIS = YES;
				CLANG_WARN_STRICT_PROTOTYPES = YES;
				CLANG_WARN_SUSPICIOUS_MOVE = YES;
				CLANG_WARN_UNGUARDED_AVAILABILITY = YES_AGGRESSIVE;
				CLANG_WARN_UNREACHABLE_CODE = YES;
				CLANG_WARN__DUPLICATE_METHOD_MATCH = YES;
				COPY_PHASE_STRIP = NO;
				DEBUG_INFORMATION_FORMAT = "dwarf-with-dsym";
				ENABLE_NS_ASSERTIONS = NO;
				ENABLE_STRICT_OBJC_MSGSEND = YES;
				GCC_C_LANGUAGE_STANDARD = gnu11;
				GCC_NO_COMMON_BLOCKS = YES;
				GCC_WARN_64_TO_32_BIT_CONVERSION = YES;
				GCC_WARN_ABOUT_RETURN_TYPE = YES_ERROR;
				GCC_WARN_UNDECLARED_SELECTOR = YES;
				GCC_WARN_UNINITIALIZED_AUTOS = YES_AGGRESSIVE;
				GCC_WARN_UNUSED_FUNCTION = YES;
				GCC_WARN_UNUSED_VARIABLE = YES;
				IPHONEOS_DEPLOYMENT_TARGET = 16.0;
				MTL_ENABLE_DEBUG_INFO = NO;
				MTL_FAST_MATH = YES;
				PRODUCT_NAME = "$(TARGET_NAME)";
				SDKROOT = iphoneos;
				SWIFT_COMPILATION_MODE = wholemodule;
				SWIFT_OPTIMIZATION_LEVEL = "-O";
				SWIFT_VERSION = 5.0;
			};
			name = Release;
		};
		F25AD39DC982AAC203F7F4F0 /* Release */ = {
			isa = XCBuildConfiguration;
			buildSettings = {
				ASSETCATALOG_COMPILER_APPICON_NAME = AppIcon;
				ASSETCATALOG_COMPILER_GLOBAL_ACCENT_COLOR_NAME = AccentColor;
				CODE_SIGN_IDENTITY = "iPhone Developer";
				CODE_SIGN_STYLE = Automatic;
				CURRENT_PROJECT_VERSION = 1;
				DEVELOPMENT_TEAM = "";
				GENERATE_INFOPLIST_FILE = NO;
				INFOPLIST_FILE = CarSystem/Info.plist;
				LD_RUNPATH_SEARCH_PATHS = (
					"$(inherited)",
					"@executable_path/Frameworks",
				);
				MARKETING_VERSION = 1.0;
				PRODUCT_BUNDLE_IDENTIFIER = com.cosima.CarSystem;
				SDKROOT = iphoneos;
				SWIFT_VERSION = 5.0;
				TARGETED_DEVICE_FAMILY = "1,2";
			};
			name = Release;
		};
/* End XCBuildConfiguration section */

/* Begin XCConfigurationList section */
		5C2CB799729E0B0992F4F86A /* Build configuration list for PBXNativeTarget "CarSystemTests" */ = {
			isa = XCConfigurationList;
			buildConfigurations = (
				6D7E8E545D41F26774CA9250 /* Debug */,
				411BF8C1690C75887858171B /* Release */,
			);
			defaultConfigurationIsVisible = 0;
			defaultConfigurationName = Debug;
		};
		8F05987B74EC64DD69153D1C /* Build configuration list for PBXProject "CarSystem" */ = {
			isa = XCConfigurationList;
			buildConfigurations = (
				4A5062A682F5984434ED8C75 /* Debug */,
				7D8DDAD08E6AAE2D2F10DE4E /* Release */,
			);
			defaultConfigurationIsVisible = 0;
			defaultConfigurationName = Debug;
		};
		B8EBAB5E00C17A4C1A0DC653 /* Build configuration list for PBXNativeTarget "CarSystem" */ = {
			isa = XCConfigurationList;
			buildConfigurations = (
				627C100FFA7908B14253C9DF /* Debug */,
				F25AD39DC982AAC203F7F4F0 /* Release */,
			);
			defaultConfigurationIsVisible = 0;
			defaultConfigurationName = Debug;
		};
/* End XCConfigurationList section */

/* Begin XCRemoteSwiftPackageReference section */
		68F26CF0CE19AF79BF696DA7 /* XCRemoteSwiftPackageReference "swift-composable-architecture" */ = {
			isa = XCRemoteSwiftPackageReference;
			repositoryURL = "https://github.com/pointfreeco/swift-composable-architecture";
			requirement = {
				kind = exactVersion;
				version = 1.17.1;
			};
		};
/* End XCRemoteSwiftPackageReference section */

/* Begin XCSwiftPackageProductDependency section */
		CCCFAD1E830416DB33D521EF /* ComposableArchitecture */ = {
			isa = XCSwiftPackageProductDependency;
			package = 68F26CF0CE19AF79BF696DA7 /* XCRemoteSwiftPackageReference "swift-composable-architecture" */;
			productName = ComposableArchitecture;
		};
/* End XCSwiftPackageProductDependency section */
	};
	rootObject = BC990950590680B9671CBBAB /* Project object */;
}
