// !$*UTF8*$!
{
	archiveVersion = 1;
	classes = {
	};
	objectVersion = 77;
	objects = {

/* Begin PBXBuildFile section */
		08B774B2F4B990050DAD1CAF /* ConnectFourTests.swift in Sources */ = {isa = PBXBuildFile; fileRef = 7169E8C99CBE01029C3B7DCF /* ConnectFourTests.swift */; };
		0EA231EBF5CA7558C340C618 /* TicTacToeRenderer.swift in Sources */ = {isa = PBXBuildFile; fileRef = 7AAA6A90C91687E55B684301 /* TicTacToeRenderer.swift */; };
		21FDC92FA2DD0F9E212770CF /* ReversiEngine.swift in Sources */ = {isa = PBXBuildFile; fileRef = 739595A513B32A47669D4841 /* ReversiEngine.swift */; };
		23B3663F7F5307ACFAD7BF7A /* TicTacToeViewController.swift in Sources */ = {isa = PBXBuildFile; fileRef = 936CCEDD2D4239837C05A599 /* TicTacToeViewController.swift */; };
		28ADACC5767A88D050A92F6C /* GameProtocols.swift in Sources */ = {isa = PBXBuildFile; fileRef = CA9341BC7C2FEAAA159C1B48 /* GameProtocols.swift */; };
		30C925B677E6D7994B4D1A1A /* GameState.swift in Sources */ = {isa = PBXBuildFile; fileRef = 8FE898D1D48C07F87FFD2E05 /* GameState.swift */; };
		31E299A0B63E4CD0092034FE /* ReversiTests.swift in Sources */ = {isa = PBXBuildFile; fileRef = 15E1B86A70A1A17B390A73A6 /* ReversiTests.swift */; };
		3E8AFA75C23EEA02705039A6 /* ReversiViewController.swift in Sources */ = {isa = PBXBuildFile; fileRef = 36FF60D10DAC2B6D578CA5E8 /* ReversiViewController.swift */; };
		44EDE7DFF760A2F7561DFDF4 /* Game2048Renderer.swift in Sources */ = {isa = PBXBuildFile; fileRef = F1196DD96A98F0345011EBC4 /* Game2048Renderer.swift */; };
		4A75034B40F3139AA0E8A78E /* ConnectFourEngine.swift in Sources */ = {isa = PBXBuildFile; fileRef = 6D3BD34495531C31305E25E1 /* ConnectFourEngine.swift */; };
		4EAB4F207BF621F56DA6BB6A /* ConnectFourViewController.swift in Sources */ = {isa = PBXBuildFile; fileRef = B5243294C15D5085237266C8 /* ConnectFourViewController.swift */; };
		526E95EF97A31D7ED7E81357 /* ConnectFourBoard.swift in Sources */ = {isa = PBXBuildFile; fileRef = 22C6A55D7C03DE0E8370CE5C /* ConnectFourBoard.swift */; };
		5E32312CD8ADCB5197FB529F /* Game2048ViewController.swift in Sources */ = {isa = PBXBuildFile; fileRef = C52B93D20857E72F148AAEE9 /* Game2048ViewController.swift */; };
		6A4C8F047549C92CCA62AEB4 /* ReversiBoard.swift in Sources */ = {isa = PBXBuildFile; fileRef = 2FEADAE63B104ED1145A7DE4 /* ReversiBoard.swift */; };
		70EE63BB6601C3CAB954EF7D /* Game2048Engine.swift in Sources */ = {isa = PBXBuildFile; fileRef = 39BADCB25E6CE907A4675282 /* Game2048Engine.swift */; };
		82701D077665DB55A9CC5422 /* TicTacToeEngine.swift in Sources */ = {isa = PBXBuildFile; fileRef = CBB950C31569C44F2BFE5C79 /* TicTacToeEngine.swift */; };
		883BC3FEEC157E80459C7D3D /* Game2048Tests.swift in Sources */ = {isa = PBXBuildFile; fileRef = 5706960C81AB09BEB4D01AF3 /* Game2048Tests.swift */; };
		994FD5CD2A929E90E6B80C91 /* ReversiRenderer.swift in Sources */ = {isa = PBXBuildFile; fileRef = FA09F3D0D5C7B1357A5D635F /* ReversiRenderer.swift */; };
		9F38B0BC9FA5170410FEC60D /* SceneDelegate.swift in Sources */ = {isa = PBXBuildFile; fileRef = 2BEC3A6CF26715A0231894AF /* SceneDelegate.swift */; };
		A66043CEB582C1CB63314DEC /* ReversiAI.swift in Sources */ = {isa = PBXBuildFile; fileRef = C074089D38855D4EC5C76337 /* ReversiAI.swift */; };
		AA1778F4F7DC1C6D0D51A382 /* TicTacToeAI.swift in Sources */ = {isa = PBXBuildFile; fileRef = 67C4BC0783B81CA74C48BFCA /* TicTacToeAI.swift */; };
		ACB24DF172238CB357CB0B4A /* TicTacToeBoard.swift in Sources */ = {isa = PBXBuildFile; fileRef = F6A716E93CB863B3BF5560E0 /* TicTacToeBoard.swift */; };
		AE676D693697432F963BFD65 /* AppDelegate.swift in Sources */ = {isa = PBXBuildFile; fileRef = BAB41990FFAE07950F380942 /* AppDelegate.swift */; };
		BCCED056A2F223FA0804D4D3 /* ConnectFourAI.swift in Sources */ = {isa = PBXBuildFile; fileRef = BCD3ABF84597BC307311398F /* ConnectFourAI.swift */; };
		D2548785FCE7A69C4D598D4B /* Game2048Board.swift in Sources */ = {isa = PBXBuildFile; fileRef = 08314CF6E012A8D66EE6D995 /* Game2048Board.swift */; };
		DDA71BAFB50761BFBD5A5AC7 /* RootViewController.swift in Sources */ = {isa = PBXBuildFile; fileRef = CDFC5C79540E0245AA338A4F /* RootViewController.swift */; };
		E62914726D6BA203EE523B2A /* ConnectFourRenderer.swift in Sources */ = {isa = PBXBuildFile; fileRef = E4D548530546F52556CB2EB9 /* ConnectFourRenderer.swift */; };
		FAC4BCBCCC712C349F5AC022 /* TicTacToeTests.swift in Sources */ = {isa = PBXBuildFile; fileRef = 27D0064CC56910C5CF871BF7 /* TicTacToeTests.swift */; };
/* End PBXBuildFile section */

/* Begin PBXContainerItemProxy section */
		AB187C83389F5F863DA528BE /* PBXContainerItemProxy */ = {
			isa = PBXContainerItemProxy;
			containerPortal = 31FECBD652602BF001A4C43D /* Project object */;
			proxyType = 1;
			remoteGlobalIDString = C91089FCB1B2DD45163B9E25;
			remoteInfo = Monster6;
		};
/* End PBXContainerItemProxy section */

/* Begin PBXFileReference section */
		08314CF6E012A8D66EE6D995 /* Game2048Board.swift */ = {isa = PBXFileReference; lastKnownFileType = sourcecode.swift; path = Game2048Board.swift; sourceTree = "<group>"; };
		1378367BA036310AD61F81DC /* Monster6Tests.xctest */ = {isa = PBXFileReference; includeInIndex = 0; lastKnownFileType = wrapper.cfbundle; path = Monster6Tests.xctest; sourceTree = BUILT_PRODUCTS_DIR; };
		15E1B86A70A1A17B390A73A6 /* ReversiTests.swift */ = {isa = PBXFileReference; lastKnownFileType = sourcecode.swift; path = ReversiTests.swift; sourceTree = "<group>"; };
		1ECE025EC835268BD8DB4CF8 /* Info.plist */ = {isa = PBXFileReference; lastKnownFileType = text.plist; path = Info.plist; sourceTree = "<group>"; };
		22C6A55D7C03DE0E8370CE5C /* ConnectFourBoard.swift */ = {isa = PBXFileReference; lastKnownFileType = sourcecode.swift; path = ConnectFourBoard.swift; sourceTree = "<group>"; };
		27D0064CC56910C5CF871BF7 /* TicTacToeTests.swift */ = {isa = PBXFileReference; lastKnownFileType = sourcecode.swift; path = TicTacToeTests.swift; sourceTree = "<group>"; };
		29CFE7F7E496CF7C3D175BB8 /* Monster6.app */ = {isa = PBXFileReference; includeInIndex = 0; lastKnownFileType = wrapper.application; path = Monster6.app; sourceTree = BUILT_PRODUCTS_DIR; };
		2BEC3A6CF26715A0231894AF /* SceneDelegate.swift */ = {isa = PBXFileReference; lastKnownFileType = sourcecode.swift; path = SceneDelegate.swift; sourceTree = "<group>"; };
		2FEADAE63B104ED1145A7DE4 /* ReversiBoard.swift */ = {isa = PBXFileReference; lastKnownFileType = sourcecode.swift; path = ReversiBoard.swift; sourceTree = "<group>"; };
		36FF60D10DAC2B6D578CA5E8 /* ReversiViewController.swift */ = {isa = PBXFileReference; lastKnownFileType = sourcecode.swift; path = ReversiViewController.swift; sourceTree = "<group>"; };
		39BADCB25E6CE907A4675282 /* Game2048Engine.swift */ = {isa = PBXFileReference; lastKnownFileType = sourcecode.swift; path = Game2048Engine.swift; sourceTree = "<group>"; };
		5706960C81AB09BEB4D01AF3 /* Game2048Tests.swift */ = {isa = PBXFileReference; lastKnownFileType = sourcecode.swift; path = Game2048Tests.swift; sourceTree = "<group>"; };
		67C4BC0783B81CA74C48BFCA /* TicTacToeAI.swift */ = {isa = PBXFileReference; lastKnownFileType = sourcecode.swift; path = TicTacToeAI.swift; sourceTree = "<group>"; };
		6D3BD34495531C31305E25E1 /* ConnectFourEngine.swift */ = {isa = PBXFileReference; lastKnownFileType = sourcecode.swift; path = ConnectFourEngine.swift; sourceTree = "<group>"; };
		7169E8C99CBE01029C3B7DCF /* ConnectFourTests.swift */ = {isa = PBXFileReference; lastKnownFileType = sourcecode.swift; path = ConnectFourTests.swift; sourceTree = "<group>"; };
		739595A513B32A47669D4841 /* ReversiEngine.swift */ = {isa = PBXFileReference; lastKnownFileType = sourcecode.swift; path = ReversiEngine.swift; sourceTree = "<group>"; };
		7AAA6A90C91687E55B684301 /* TicTacToeRenderer.swift */ = {isa = PBXFileReference; lastKnownFileType = sourcecode.swift; path = TicTacToeRenderer.swift; sourceTree = "<group>"; };
		8FE898D1D48C07F87FFD2E05 /* GameState.swift */ = {isa = PBXFileReference; lastKnownFileType = sourcecode.swift; path = GameState.swift; sourceTree = "<group>"; };
		936CCEDD2D4239837C05A599 /* TicTacToeViewController.swift */ = {isa = PBXFileReference; lastKnownFileType = sourcecode.swift; path = TicTacToeViewController.swift; sourceTree = "<group>"; };
		B5243294C15D5085237266C8 /* ConnectFourViewController.swift */ = {isa = PBXFileReference; lastKnownFileType = sourcecode.swift; path = ConnectFourViewController.swift; sourceTree = "<group>"; };
		BAB41990FFAE07950F380942 /* AppDelegate.swift */ = {isa = PBXFileReference; lastKnownFileType = sourcecode.swift; path = AppDelegate.swift; sourceTree = "<group>"; };
		BCD3ABF84597BC307311398F /* ConnectFourAI.swift */ = {isa = PBXFileReference; lastKnownFileType = sourcecode.swift; path = ConnectFourAI.swift; sourceTree = "<group>"; };
		C074089D38855D4EC5C76337 /* ReversiAI.swift */ = {isa = PBXFileReference; lastKnownFileType = sourcecode.swift; path = ReversiAI.swift; sourceTree = "<group>"; };
		C52B93D20857E72F148AAEE9 /* Game2048ViewController.swift */ = {isa = PBXFileReference; lastKnownFileType = sourcecode.swift; path = Game2048ViewController.swift; sourceTree = "<group>"; };
		CA9341BC7C2FEAAA159C1B48 /* GameProtocols.swift */ = {isa = PBXFileReference; lastKnownFileType = sourcecode.swift; path = GameProtocols.swift; sourceTree = "<group>"; };
		CBB950C31569C44F2BFE5C79 /* TicTacToeEngine.swift */ = {isa = PBXFileReference; lastKnownFileType = sourcecode.swift; path = TicTacToeEngine.swift; sourceTree = "<group>"; };
		CDFC5C79540E0245AA338A4F /* RootViewController.swift */ = {isa = PBXFileReference; lastKnownFileType = sourcecode.swift; path = RootViewController.swift; sourceTree = "<group>"; };
		E4D548530546F52556CB2EB9 /* ConnectFourRenderer.swift */ = {isa = PBXFileReference; lastKnownFileType = sourcecode.swift; path = ConnectFourRenderer.swift; sourceTree = "<group>"; };
		F1196DD96A98F0345011EBC4 /* Game2048Renderer.swift */ = {isa = PBXFileReference; lastKnownFileType = sourcecode.swift; path = Game2048Renderer.swift; sourceTree = "<group>"; };
		F6A716E93CB863B3BF5560E0 /* TicTacToeBoard.swift */ = {isa = PBXFileReference; lastKnownFileType = sourcecode.swift; path = TicTacToeBoard.swift; sourceTree = "<group>"; };
		FA09F3D0D5C7B1357A5D635F /* ReversiRenderer.swift */ = {isa = PBXFileReference; lastKnownFileType = sourcecode.swift; path = ReversiRenderer.swift; sourceTree = "<group>"; };
/* End PBXFileReference section */

/* Begin PBXGroup section */
		38BBA7196AB094E19E66FD62 /* Monster6 */ = {
			isa = PBXGroup;
			children = (
				BAB41990FFAE07950F380942 /* AppDelegate.swift */,
				1ECE025EC835268BD8DB4CF8 /* Info.plist */,
				2BEC3A6CF26715A0231894AF /* SceneDelegate.swift */,
				CBB4C4CB9EAE4B695C790B57 /* App */,
				981C1B43520FDD24F4008D9F /* Games */,
				FA8D8F546B931F7F523D263F /* Shared */,
			);
			path = Monster6;
			sourceTree = "<group>";
		};
		43B65DEFC6DB7AA032DD82EF /* TicTacToe */ = {
			isa = PBXGroup;
			children = (
				936CCEDD2D4239837C05A599 /* TicTacToeViewController.swift */,
				9060FAF5FD06EFD12C0800B5 /* Engine */,
			);
			path = TicTacToe;
			sourceTree = "<group>";
		};
		87E0908C285AA33F8E604E73 /* Engine */ = {
			isa = PBXGroup;
			children = (
				C074089D38855D4EC5C76337 /* ReversiAI.swift */,
				2FEADAE63B104ED1145A7DE4 /* ReversiBoard.swift */,
				739595A513B32A47669D4841 /* ReversiEngine.swift */,
				FA09F3D0D5C7B1357A5D635F /* ReversiRenderer.swift */,
			);
			path = Engine;
			sourceTree = "<group>";
		};
		9060FAF5FD06EFD12C0800B5 /* Engine */ = {
			isa = PBXGroup;
			children = (
				67C4BC0783B81CA74C48BFCA /* TicTacToeAI.swift */,
				F6A716E93CB863B3BF5560E0 /* TicTacToeBoard.swift */,
				CBB950C31569C44F2BFE5C79 /* TicTacToeEngine.swift */,
				7AAA6A90C91687E55B684301 /* TicTacToeRenderer.swift */,
			);
			path = Engine;
			sourceTree = "<group>";
		};
		935F65AD10FF5D89E5E08D2F /* Monster6Tests */ = {
			isa = PBXGroup;
			children = (
				7169E8C99CBE01029C3B7DCF /* ConnectFourTests.swift */,
				5706960C81AB09BEB4D01AF3 /* Game2048Tests.swift */,
				15E1B86A70A1A17B390A73A6 /* ReversiTests.swift */,
				27D0064CC56910C5CF871BF7 /* TicTacToeTests.swift */,
			);
			path = Monster6Tests;
			sourceTree = "<group>";
		};
		981C1B43520FDD24F4008D9F /* Games */ = {
			isa = PBXGroup;
			children = (
				FAAF297908CFFCF6077498D2 /* ConnectFour */,
				E95BCFB4E1CB9441961A5C0B /* Game2048 */,
				D65E186D5B2F850774279210 /* Reversi */,
				43B65DEFC6DB7AA032DD82EF /* TicTacToe */,
			);
			path = Games;
			sourceTree = "<group>";
		};
		9966527E182E5445CF0AB3EE /* Products */ = {
			isa = PBXGroup;
			children = (
				29CFE7F7E496CF7C3D175BB8 /* Monster6.app */,
				1378367BA036310AD61F81DC /* Monster6Tests.xctest */,
			);
			name = Products;
			sourceTree = "<group>";
		};
		A2AC32C6DB3C27DE5D1992EF = {
			isa = PBXGroup;
			children = (
				38BBA7196AB094E19E66FD62 /* Monster6 */,
				935F65AD10FF5D89E5E08D2F /* Monster6Tests */,
				9966527E182E5445CF0AB3EE /* Products */,
			);
			sourceTree = "<group>";
		};
		C515C5544CB8CADDD5C46BB6 /* Engine */ = {
			isa = PBXGroup;
			children = (
				08314CF6E012A8D66EE6D995 /* Game2048Board.swift */,
				39BADCB25E6CE907A4675282 /* Game2048Engine.swift */,
				F1196DD96A98F0345011EBC4 /* Game2048Renderer.swift */,
			);
			path = Engine;
			sourceTree = "<group>";
		};
		CBB4C4CB9EAE4B695C790B57 /* App */ = {
			isa = PBXGroup;
			children = (
				CDFC5C79540E0245AA338A4F /* RootViewController.swift */,
			);
			path = App;
			sourceTree = "<group>";
		};
		D65E186D5B2F850774279210 /* Reversi */ = {
			isa = PBXGroup;
			children = (
				36FF60D10DAC2B6D578CA5E8 /* ReversiViewController.swift */,
				87E0908C285AA33F8E604E73 /* Engine */,
			);
			path = Reversi;
			sourceTree = "<group>";
		};
		E3170CFC82B5B1E1A6574032 /* Engine */ = {
			isa = PBXGroup;
			children = (
				BCD3ABF84597BC307311398F /* ConnectFourAI.swift */,
				22C6A55D7C03DE0E8370CE5C /* ConnectFourBoard.swift */,
				6D3BD34495531C31305E25E1 /* ConnectFourEngine.swift */,
				E4D548530546F52556CB2EB9 /* ConnectFourRenderer.swift */,
			);
			path = Engine;
			sourceTree = "<group>";
		};
		E95BCFB4E1CB9441961A5C0B /* Game2048 */ = {
			isa = PBXGroup;
			children = (
				C52B93D20857E72F148AAEE9 /* Game2048ViewController.swift */,
				C515C5544CB8CADDD5C46BB6 /* Engine */,
			);
			path = Game2048;
			sourceTree = "<group>";
		};
		FA8D8F546B931F7F523D263F /* Shared */ = {
			isa = PBXGroup;
			children = (
				CA9341BC7C2FEAAA159C1B48 /* GameProtocols.swift */,
				8FE898D1D48C07F87FFD2E05 /* GameState.swift */,
			);
			path = Shared;
			sourceTree = "<group>";
		};
		FAAF297908CFFCF6077498D2 /* ConnectFour */ = {
			isa = PBXGroup;
			children = (
				B5243294C15D5085237266C8 /* ConnectFourViewController.swift */,
				E3170CFC82B5B1E1A6574032 /* Engine */,
			);
			path = ConnectFour;
			sourceTree = "<group>";
		};
/* End PBXGroup section */

/* Begin PBXNativeTarget section */
		6243821B485D6A340DEF5BB5 /* Monster6Tests */ = {
			isa = PBXNativeTarget;
			buildConfigurationList = 71F2B3B39C34FBCFD8352DC4 /* Build configuration list for PBXNativeTarget "Monster6Tests" */;
			buildPhases = (
				840360ABBFA85981F845651F /* Sources */,
			);
			buildRules = (
			);
			dependencies = (
				A27E2E64EF0E7A31F4BB0ECB /* PBXTargetDependency */,
			);
			name = Monster6Tests;
			packageProductDependencies = (
			);
			productName = Monster6Tests;
			productReference = 1378367BA036310AD61F81DC /* Monster6Tests.xctest */;
			productType = "com.apple.product-type.bundle.unit-test";
		};
		C91089FCB1B2DD45163B9E25 /* Monster6 */ = {
			isa = PBXNativeTarget;
			buildConfigurationList = 3DCA5ED35D1444EA995D5C71 /* Build configuration list for PBXNativeTarget "Monster6" */;
			buildPhases = (
				F2C7C4C0D7764E4E1FBCBCEF /* Sources */,
			);
			buildRules = (
			);
			dependencies = (
			);
			name = Monster6;
			packageProductDependencies = (
			);
			productName = Monster6;
			productReference = 29CFE7F7E496CF7C3D175BB8 /* Monster6.app */;
			productType = "com.apple.product-type.application";
		};
/* End PBXNativeTarget section */

/* Begin PBXProject section */
		31FECBD652602BF001A4C43D /* Project object */ = {
			isa = PBXProject;
			attributes = {
				BuildIndependentTargetsInParallel = YES;
				LastUpgradeCheck = 1430;
				TargetAttributes = {
					6243821B485D6A340DEF5BB5 = {
						DevelopmentTeam = "";
					};
					C91089FCB1B2DD45163B9E25 = {
						DevelopmentTeam = "";
					};
				};
			};
			buildConfigurationList = 622CFCB4006BE34BD9BDD387 /* Build configuration list for PBXProject "Monster6" */;
			compatibilityVersion = "Xcode 14.0";
			developmentRegion = en;
			hasScannedForEncodings = 0;
			knownRegions = (
				Base,
				en,
			);
			mainGroup = A2AC32C6DB3C27DE5D1992EF;
			minimizedProjectReferenceProxies = 1;
			preferredProjectObjectVersion = 77;
			projectDirPath = "";
			projectRoot = "";
			targets = (
				C91089FCB1B2DD45163B9E25 /* Monster6 */,
				6243821B485D6A340DEF5BB5 /* Monster6Tests */,
			);
		};
/* End PBXProject section */

/* Begin PBXSourcesBuildPhase section */
		840360ABBFA85981F845651F /* Sources */ = {
			isa = PBXSourcesBuildPhase;
			buildActionMask = 2147483647;
			files = (
				08B774B2F4B990050DAD1CAF /* ConnectFourTests.swift in Sources */,
				883BC3FEEC157E80459C7D3D /* Game2048Tests.swift in Sources */,
				31E299A0B63E4CD0092034FE /* ReversiTests.swift in Sources */,
				FAC4BCBCCC712C349F5AC022 /* TicTacToeTests.swift in Sources */,
			);
			runOnlyForDeploymentPostprocessing = 0;
		};
		F2C7C4C0D7764E4E1FBCBCEF /* Sources */ = {
			isa = PBXSourcesBuildPhase;
			buildActionMask = 2147483647;
			files = (
				AE676D693697432F963BFD65 /* AppDelegate.swift in Sources */,
				BCCED056A2F223FA0804D4D3 /* ConnectFourAI.swift in Sources */,
				526E95EF97A31D7ED7E81357 /* ConnectFourBoard.swift in Sources */,
				4A75034B40F3139AA0E8A78E /* ConnectFourEngine.swift in Sources */,
				E62914726D6BA203EE523B2A /* ConnectFourRenderer.swift in Sources */,
				4EAB4F207BF621F56DA6BB6A /* ConnectFourViewController.swift in Sources */,
				D2548785FCE7A69C4D598D4B /* Game2048Board.swift in Sources */,
				70EE63BB6601C3CAB954EF7D /* Game2048Engine.swift in Sources */,
				44EDE7DFF760A2F7561DFDF4 /* Game2048Renderer.swift in Sources */,
				5E32312CD8ADCB5197FB529F /* Game2048ViewController.swift in Sources */,
				28ADACC5767A88D050A92F6C /* GameProtocols.swift in Sources */,
				30C925B677E6D7994B4D1A1A /* GameState.swift in Sources */,
				A66043CEB582C1CB63314DEC /* ReversiAI.swift in Sources */,
				6A4C8F047549C92CCA62AEB4 /* ReversiBoard.swift in Sources */,
				21FDC92FA2DD0F9E212770CF /* ReversiEngine.swift in Sources */,
				994FD5CD2A929E90E6B80C91 /* ReversiRenderer.swift in Sources */,
				3E8AFA75C23EEA02705039A6 /* ReversiViewController.swift in Sources */,
				DDA71BAFB50761BFBD5A5AC7 /* RootViewController.swift in Sources */,
				9F38B0BC9FA5170410FEC60D /* SceneDelegate.swift in Sources */,
				AA1778F4F7DC1C6D0D51A382 /* TicTacToeAI.swift in Sources */,
				ACB24DF172238CB357CB0B4A /* TicTacToeBoard.swift in Sources */,
				82701D077665DB55A9CC5422 /* TicTacToeEngine.swift in Sources */,
				0EA231EBF5CA7558C340C618 /* TicTacToeRenderer.swift in Sources */,
				23B3663F7F5307ACFAD7BF7A /* TicTacToeViewController.swift in Sources */,
			);
			runOnlyForDeploymentPostprocessing = 0;
		};
/* End PBXSourcesBuildPhase section */

/* Begin PBXTargetDependency section */
		A27E2E64EF0E7A31F4BB0ECB /* PBXTargetDependency */ = {
			isa = PBXTargetDependency;
			target = C91089FCB1B2DD45163B9E25 /* Monster6 */;
			targetProxy = AB187C83389F5F863DA528BE /* PBXContainerItemProxy */;
		};
/* End PBXTargetDependency section */

/* Begin XCBuildConfiguration section */
		389BC5325D48AB5D31B843A9 /* Release */ = {
			isa = XCBuildConfiguration;
			buildSettings = {
				ASSETCATALOG_COMPILER_APPICON_NAME = AppIcon;
				CODE_SIGN_IDENTITY = "iPhone Developer";
				DEVELOPMENT_TEAM = "";
				INFOPLIST_FILE = Monster6/Info.plist;
				IPHONEOS_DEPLOYMENT_TARGET = 16.0;
				LD_RUNPATH_SEARCH_PATHS = (
					"$(inherited)",
					"@executable_path/Frameworks",
				);
				PRODUCT_BUNDLE_IDENTIFIER = com.codemonster.Monster6;
				SDKROOT = iphoneos;
				SWIFT_VERSION = 5.9;
				TARGETED_DEVICE_FAMILY = "1,2";
			};
			name = Release;
		};
		62AFBD8E425C31A750E4B414 /* Release */ = {
			isa = XCBuildConfiguration;
			buildSettings = {
				BUNDLE_LOADER = "$(TEST_HOST)";
				DEVELOPMENT_TEAM = "";
				GENERATE_INFOPLIST_FILE = YES;
				IPHONEOS_DEPLOYMENT_TARGET = 16.0;
				LD_RUNPATH_SEARCH_PATHS = (
					"$(inherited)",
					"@executable_path/Frameworks",
					"@loader_path/Frameworks",
				);
				PRODUCT_BUNDLE_IDENTIFIER = com.codemonster.Monster6Tests;
				SDKROOT = iphoneos;
				SWIFT_VERSION = 5.9;
				TARGETED_DEVICE_FAMILY = "1,2";
				TEST_HOST = "$(BUILT_PRODUCTS_DIR)/Monster6.app/Monster6";
			};
			name = Release;
		};
		8C8B0D9F8741427B09995BD0 /* Debug */ = {
			isa = XCBuildConfiguration;
			buildSettings = {
				ALWAYS_SEARCH_USER_PATHS = NO;
				CLANG_ANALYZER_NONNULL = YES;
				CLANG_ANALYZER_NUMBER_OBJECT_CONVERSION = YES_AGGRESSIVE;
				CLANG_CXX_LANGUAGE_STANDARD = "gnu++14";
				CLANG_CXX_LIBRARY = "libc++";
				CLANG_ENABLE_MODULES = YES;
				CLANG_ENABLE_OBJC_ARC = YES;
				CLANG_ENABLE_OBJC_WEAK = YES;
				CLANG_WARN_BLOCK_CAPTURE_AUTORELEASING = YES;
				CLANG_WARN_BOOL_CONVERSION = YES;
				CLANG_WARN_COMMA = YES;
				CLANG_WARN_CONSTANT_CONVERSION = YES;
				CLANG_WARN_DEPRECATED_OBJC_IMPLEMENTATIONS = YES;
				CLANG_WARN_DIRECT_OBJC_ISA_USAGE = YES_ERROR;
				CLANG_WARN_DOCUMENTATION_COMMENTS = YES;
				CLANG_WARN_EMPTY_BODY = YES;
				CLANG_WARN_ENUM_CONVERSION = YES;
				CLANG_WARN_INFINITE_RECURSION = YES;
				CLANG_WARN_INT_CONVERSION = YES;
				CLANG_WARN_NON_LITERAL_NULL_CONVERSION = YES;
				CLANG_WARN_OBJC_IMPLICIT_RETAIN_SELF = YES;
				CLANG_WARN_OBJC_LITERAL_CONVERSION = YES;
				CLANG_WARN_OBJC_ROOT_CLASS = YES_ERROR;
				CLANG_WARN_QUOTED_INCLUDE_IN_FRAMEWORK_HEADER = YES;
				CLANG_WARN_RANGE_LOOP_ANALYSIS = YES;
				CLANG_WARN_STRICT_PROTOTYPES = YES;
				CLANG_WARN_SUSPICIOUS_MOVE = YES;
				CLANG_WARN_UNGUARDED_AVAILABILITY = YES_AGGRESSIVE;
				CLANG_WARN_UNREACHABLE_CODE = YES;
				CLANG_WARN__DUPLICATE_METHOD_MATCH = YES;
				COPY_PHASE_STRIP = NO;
				DEBUG_INFORMATION_FORMAT = dwarf;
				ENABLE_STRICT_OBJC_MSGSEND = YES;
				ENABLE_TESTABILITY = YES;
				GCC_C_LANGUAGE_STANDARD = gnu11;
				GCC_DYNAMIC_NO_PIC = NO;
				GCC_NO_COMMON_BLOCKS = YES;
				GCC_OPTIMIZATION_LEVEL = 0;
				GCC_PREPROCESSOR_DEFINITIONS = (
					"$(inherited)",
					"DEBUG=1",
				);
				GCC_WARN_64_TO_32_BIT_CONVERSION = YES;
				GCC_WARN_ABOUT_RETURN_TYPE = YES_ERROR;
				GCC_WARN_UNDECLARED_SELECTOR = YES;
				GCC_WARN_UNINITIALIZED_AUTOS = YES_AGGRESSIVE;
				GCC_WARN_UNUSED_FUNCTION = YES;
				GCC_WARN_UNUSED_VARIABLE = YES;
				IPHONEOS_DEPLOYMENT_TARGET = 16.0;
				MTL_ENABLE_DEBUG_INFO = INCLUDE_SOURCE;
				MTL_FAST_MATH = YES;
				ONLY_ACTIVE_ARCH = YES;
				PRODUCT_NAME = "$(TARGET_NAME)";
				SDKROOT = iphoneos;
				SWIFT_ACTIVE_COMPILATION_CONDITIONS = DEBUG;
				SWIFT_OPTIMIZATION_LEVEL = "-Onone";
				SWIFT_VERSION = 5.0;
			};
			name = Debug;
		};
		C28D3DBB8B295758B8BCBB97 /* Debug */ = {
			isa = XCBuildConfiguration;
			buildSettings = {
				ASSETCATALOG_COMPILER_APPICON_NAME = AppIcon;
				CODE_SIGN_IDENTITY = "iPhone Developer";
				DEVELOPMENT_TEAM = "";
				INFOPLIST_FILE = Monster6/Info.plist;
				IPHONEOS_DEPLOYMENT_TARGET = 16.0;
				LD_RUNPATH_SEARCH_PATHS = (
					"$(inherited)",
					"@executable_path/Frameworks",
				);
				PRODUCT_BUNDLE_IDENTIFIER = com.codemonster.Monster6;
				SDKROOT = iphoneos;
				SWIFT_VERSION = 5.9;
				TARGETED_DEVICE_FAMILY = "1,2";
			};
			name = Debug;
		};
		CE21ECC0F6BD5035D27C5A1D /* Debug */ = {
			isa = XCBuildConfiguration;
			buildSettings = {
				BUNDLE_LOADER = "$(TEST_HOST)";
				DEVELOPMENT_TEAM = "";
				GENERATE_INFOPLIST_FILE = YES;
				IPHONEOS_DEPLOYMENT_TARGET = 16.0;
				LD_RUNPATH_SEARCH_PATHS = (
					"$(inherited)",
					"@executable_path/Frameworks",
					"@loader_path/Frameworks",
				);
				PRODUCT_BUNDLE_IDENTIFIER = com.codemonster.Monster6Tests;
				SDKROOT = iphoneos;
				SWIFT_VERSION = 5.9;
				TARGETED_DEVICE_FAMILY = "1,2";
				TEST_HOST = "$(BUILT_PRODUCTS_DIR)/Monster6.app/Monster6";
			};
			name = Debug;
		};
		E0E482E706CCE041CD1DD66A /* Release */ = {
			isa = XCBuildConfiguration;
			buildSettings = {
				ALWAYS_SEARCH_USER_PATHS = NO;
				CLANG_ANALYZER_NONNULL = YES;
				CLANG_ANALYZER_NUMBER_OBJECT_CONVERSION = YES_AGGRESSIVE;
				CLANG_CXX_LANGUAGE_STANDARD = "gnu++14";
				CLANG_CXX_LIBRARY = "libc++";
				CLANG_ENABLE_MODULES = YES;
				CLANG_ENABLE_OBJC_ARC = YES;
				CLANG_ENABLE_OBJC_WEAK = YES;
				CLANG_WARN_BLOCK_CAPTURE_AUTORELEASING = YES;
				CLANG_WARN_BOOL_CONVERSION = YES;
				CLANG_WARN_COMMA = YES;
				CLANG_WARN_CONSTANT_CONVERSION = YES;
				CLANG_WARN_DEPRECATED_OBJC_IMPLEMENTATIONS = YES;
				CLANG_WARN_DIRECT_OBJC_ISA_USAGE = YES_ERROR;
				CLANG_WARN_DOCUMENTATION_COMMENTS = YES;
				CLANG_WARN_EMPTY_BODY = YES;
				CLANG_WARN_ENUM_CONVERSION = YES;
				CLANG_WARN_INFINITE_RECURSION = YES;
				CLANG_WARN_INT_CONVERSION = YES;
				CLANG_WARN_NON_LITERAL_NULL_CONVERSION = YES;
				CLANG_WARN_OBJC_IMPLICIT_RETAIN_SELF = YES;
				CLANG_WARN_OBJC_LITERAL_CONVERSION = YES;
				CLANG_WARN_OBJC_ROOT_CLASS = YES_ERROR;
				CLANG_WARN_QUOTED_INCLUDE_IN_FRAMEWORK_HEADER = YES;
				CLANG_WARN_RANGE_LOOP_ANALYSIS = YES;
				CLANG_WARN_STRICT_PROTOTYPES = YES;
				CLANG_WARN_SUSPICIOUS_MOVE = YES;
				CLANG_WARN_UNGUARDED_AVAILABILITY = YES_AGGRESSIVE;
				CLANG_WARN_UNREACHABLE_CODE = YES;
				CLANG_WARN__DUPLICATE_METHOD_MATCH = YES;
				COPY_PHASE_STRIP = NO;
				DEBUG_INFORMATION_FORMAT = "dwarf-with-dsym";
				ENABLE_NS_ASSERTIONS = NO;
				ENABLE_STRICT_OBJC_MSGSEND = YES;
				GCC_C_LANGUAGE_STANDARD = gnu11;
				GCC_NO_COMMON_BLOCKS = YES;
				GCC_WARN_64_TO_32_BIT_CONVERSION = YES;
				GCC_WARN_ABOUT_RETURN_TYPE = YES_ERROR;
				GCC_WARN_UNDECLARED_SELECTOR = YES;
				GCC_WARN_UNINITIALIZED_AUTOS = YES_AGGRESSIVE;
				GCC_WARN_UNUSED_FUNCTION = YES;
				GCC_WARN_UNUSED_VARIABLE = YES;
				IPHONEOS_DEPLOYMENT_TARGET = 16.0;
				MTL_ENABLE_DEBUG_INFO = NO;
				MTL_FAST_MATH = YES;
				PRODUCT_NAME = "$(TARGET_NAME)";
				SDKROOT = iphoneos;
				SWIFT_COMPILATION_MODE = wholemodule;
				SWIFT_OPTIMIZATION_LEVEL = "-O";
				SWIFT_VERSION = 5.0;
			};
			name = Release;
		};
/* End XCBuildConfiguration section */

/* Begin XCConfigurationList section */
		3DCA5ED35D1444EA995D5C71 /* Build configuration list for PBXNativeTarget "Monster6" */ = {
			isa = XCConfigurationList;
			buildConfigurations = (
				C28D3DBB8B295758B8BCBB97 /* Debug */,
				389BC5325D48AB5D31B843A9 /* Release */,
			);
			defaultConfigurationIsVisible = 0;
			defaultConfigurationName = Debug;
		};
		622CFCB4006BE34BD9BDD387 /* Build configuration list for PBXProject "Monster6" */ = {
			isa = XCConfigurationList;
			buildConfigurations = (
				8C8B0D9F8741427B09995BD0 /* Debug */,
				E0E482E706CCE041CD1DD66A /* Release */,
			);
			defaultConfigurationIsVisible = 0;
			defaultConfigurationName = Debug;
		};
		71F2B3B39C34FBCFD8352DC4 /* Build configuration list for PBXNativeTarget "Monster6Tests" */ = {
			isa = XCConfigurationList;
			buildConfigurations = (
				CE21ECC0F6BD5035D27C5A1D /* Debug */,
				62AFBD8E425C31A750E4B414 /* Release */,
			);
			defaultConfigurationIsVisible = 0;
			defaultConfigurationName = Debug;
		};
/* End XCConfigurationList section */
	};
	rootObject = 31FECBD652602BF001A4C43D /* Project object */;
}
